// !$*UTF8*$!
{
	archiveVersion = 1;
	classes = {
	};
	objectVersion = 77;
	objects = {

/* Begin PBXBuildFile section */
		0134761044174BDDB535D8F4 /* FirebaseAuth in Frameworks */ = {isa = PBXBuildFile; productRef = B7E085D2B50B4B569093A98C /* FirebaseAuth */; };
		1D7A28826641479EBF3A11B5 /* FirebaseCore in Frameworks */ = {isa = PBXBuildFile; productRef = C23D2A3E30904F0BBD78F8CE /* FirebaseCore */; };
		4CBA99743298491BAC054E58 /* FirebaseFirestore in Frameworks */ = {isa = PBXBuildFile; productRef = D87140FB2D2B446DA794B990 /* FirebaseFirestore */; };
/* End PBXBuildFile section */

/* Begin PBXContainerItemProxy section */
		8DFBB9A27DB047A695FB5AD8 /* PBXContainerItemProxy */ = {
			isa = PBXContainerItemProxy;
			containerPortal = FD3DCF475E4A4C8CABD44701 /* Project object */;
			proxyType = 1;
			remoteGlobalIDString = 8558DB37607D472D9D5D9D67;
			remoteInfo = "SnapTask Pro";
		};
		CB092F97BB274760BEF0ADAC /* PBXContainerItemProxy */ = {
			isa = PBXContainerItemProxy;
			containerPortal = FD3DCF475E4A4C8CABD44701 /* Project object */;
			proxyType = 1;
			remoteGlobalIDString = 8558DB37607D472D9D5D9D67;
			remoteInfo = "SnapTask Pro";
		};
		CF3FBA583CBA4F8FB83F26AC /* PBXContainerItemProxy */ = {
			isa = PBXContainerItemProxy;
			containerPortal = FD3DCF475E4A4C8CABD44701 /* Project object */;
			proxyType = 1;
			remoteGlobalIDString = 077E0902895D492899F3A510;
			remoteInfo = SnapTask;
		};
/* End PBXContainerItemProxy section */

/* Begin PBXCopyFilesBuildPhase section */
		081CB257FAB74E359B38083E /* Embed Watch Content */ = {
			isa = PBXCopyFilesBuildPhase;
			buildActionMask = 2147483647;
			dstPath = "$(CONTENTS_FOLDER_PATH)/Watch";
			dstSubfolderSpec = 16;
			files = (
			);
			name = "Embed Watch Content";
			runOnlyForDeploymentPostprocessing = 0;
		};
		153710D2849F4F38ADE66640 /* Embed Foundation Extensions */ = {
			isa = PBXCopyFilesBuildPhase;
			buildActionMask = 2147483647;
			dstPath = "";
			dstSubfolderSpec = 13;
			files = (
			);
			name = "Embed Foundation Extensions";
			runOnlyForDeploymentPostprocessing = 0;
		};
/* End PBXCopyFilesBuildPhase section */

/* Begin PBXFileReference section */
		1EF726BA3CB24B2E98E30EC2 /* SnapTaskTests.xctest */ = {isa = PBXFileReference; explicitFileType = wrapper.cfbundle; includeInIndex = 0; path = SnapTaskTests.xctest; sourceTree = BUILT_PRODUCTS_DIR; };
		28E75AEAFF8F4FB19F178FE5 /* QuoteService.swift */ = {isa = PBXFileReference; lastKnownFileType = sourcecode.swift; name = QuoteService.swift; path = SnapTask/Services/QuoteService.swift; sourceTree = "<group>"; };
		42E919B783BB4EB99F43A4C3 /* WidgetKit.framework */ = {isa = PBXFileReference; lastKnownFileType = wrapper.framework; name = WidgetKit.framework; path = System/Library/Frameworks/WidgetKit.framework; sourceTree = SDKROOT; };
		5BE6903CC2BE45AF9E5B2602 /* SnapTask ProTests.xctest */ = {isa = PBXFileReference; explicitFileType = wrapper.cfbundle; includeInIndex = 0; path = "SnapTask ProTests.xctest"; sourceTree = BUILT_PRODUCTS_DIR; };
		A5D885DF271547BCAB71EBED /* SwiftUI.framework */ = {isa = PBXFileReference; lastKnownFileType = wrapper.framework; name = SwiftUI.framework; path = System/Library/Frameworks/SwiftUI.framework; sourceTree = SDKROOT; };
		D58B432B55A343BB8233FA51 /* SnapTask Pro.app */ = {isa = PBXFileReference; explicitFileType = wrapper.application; includeInIndex = 0; path = "SnapTask Pro.app"; sourceTree = BUILT_PRODUCTS_DIR; };
		F410AB27FC1B43A7B59795D0 /* SnapTask ProUITests.xctest */ = {isa = PBXFileReference; explicitFileType = wrapper.cfbundle; includeInIndex = 0; path = "SnapTask ProUITests.xctest"; sourceTree = BUILT_PRODUCTS_DIR; };
		F5F5DAAB9E22424CBC996659 /* SnapTask Pro.app */ = {isa = PBXFileReference; explicitFileType = wrapper.application; includeInIndex = 0; path = "SnapTask Pro.app"; sourceTree = BUILT_PRODUCTS_DIR; };
/* End PBXFileReference section */

/* Begin PBXFileSystemSynchronizedBuildFileExceptionSet section */
		F06FD242C14E48EDB783BA46 /* Exceptions for "SnapTask" folder in "SnapTask" target */ = {
			isa = PBXFileSystemSynchronizedBuildFileExceptionSet;
			membershipExceptions = (
				Info.plist,
			);
			target = 077E0902895D492899F3A510 /* SnapTask */;
		};
/* End PBXFileSystemSynchronizedBuildFileExceptionSet section */

/* Begin PBXFileSystemSynchronizedRootGroup section */
		7C5DB2BAEEFA4BE6BF36C947 /* SnapTaskTests */ = {
			isa = PBXFileSystemSynchronizedRootGroup;
			path = SnapTaskTests;
			sourceTree = "<group>";
		};
		81E1F18F4F5647BF997A6867 /* SnapTaskUITests */ = {
			isa = PBXFileSystemSynchronizedRootGroup;
			path = SnapTaskUITests;
			sourceTree = "<group>";
		};
		836D3975FC0642468BE2CA9B /* SnapTask */ = {
			isa = PBXFileSystemSynchronizedRootGroup;
			exceptions = (
				F06FD242C14E48EDB783BA46 /* Exceptions for "SnapTask" folder in "SnapTask" target */,
			);
			path = SnapTask;
			sourceTree = "<group>";
		};
/* End PBXFileSystemSynchronizedRootGroup section */

/* Begin PBXFrameworksBuildPhase section */
		20907EEE110A415F9735B493 /* Frameworks */ = {
			isa = PBXFrameworksBuildPhase;
			buildActionMask = 2147483647;
			files = (
			);
			runOnlyForDeploymentPostprocessing = 0;
		};
		20933D2559A0439FAC4E551F /* Frameworks */ = {
			isa = PBXFrameworksBuildPhase;
			buildActionMask = 2147483647;
			files = (
				0134761044174BDDB535D8F4 /* FirebaseAuth in Frameworks */,
				1D7A28826641479EBF3A11B5 /* FirebaseCore in Frameworks */,
				4CBA99743298491BAC054E58 /* FirebaseFirestore in Frameworks */,
			);
			runOnlyForDeploymentPostprocessing = 0;
		};
		50D674F8FE394DB3B5DF3237 /* Frameworks */ = {
			isa = PBXFrameworksBuildPhase;
			buildActionMask = 2147483647;
			files = (
			);
			runOnlyForDeploymentPostprocessing = 0;
		};
		BA572E9C4CFA4D018C1D3C20 /* Frameworks */ = {
			isa = PBXFrameworksBuildPhase;
			buildActionMask = 2147483647;
			files = (
			);
			runOnlyForDeploymentPostprocessing = 0;
		};
		F9DFD587043F4B17857AE65E /* Frameworks */ = {
			isa = PBXFrameworksBuildPhase;
			buildActionMask = 2147483647;
			files = (
			);
			runOnlyForDeploymentPostprocessing = 0;
		};
/* End PBXFrameworksBuildPhase section */

/* Begin PBXGroup section */
		42636F0840E444CB8C194D30 = {
			isa = PBXGroup;
			children = (
				836D3975FC0642468BE2CA9B /* SnapTask */,
				7C5DB2BAEEFA4BE6BF36C947 /* SnapTaskTests */,
				81E1F18F4F5647BF997A6867 /* SnapTaskUITests */,
				F90FF5C009E5401BB3E1882E /* Frameworks */,
				91AAC91753284605B39E028F /* Products */,
				4EA9C2CF45A241B4AF67EF2A /* Recovered References */,
			);
			sourceTree = "<group>";
		};
		4EA9C2CF45A241B4AF67EF2A /* Recovered References */ = {
			isa = PBXGroup;
			children = (
				28E75AEAFF8F4FB19F178FE5 /* QuoteService.swift */,
			);
			name = "Recovered References";
			sourceTree = "<group>";
		};
		91AAC91753284605B39E028F /* Products */ = {
			isa = PBXGroup;
			children = (
				D58B432B55A343BB8233FA51 /* SnapTask Pro.app */,
				1EF726BA3CB24B2E98E30EC2 /* SnapTaskTests.xctest */,
				F5F5DAAB9E22424CBC996659 /* SnapTask Pro.app */,
				5BE6903CC2BE45AF9E5B2602 /* SnapTask ProTests.xctest */,
				F410AB27FC1B43A7B59795D0 /* SnapTask ProUITests.xctest */,
			);
			name = Products;
			sourceTree = "<group>";
		};
		F90FF5C009E5401BB3E1882E /* Frameworks */ = {
			isa = PBXGroup;
			children = (
				42E919B783BB4EB99F43A4C3 /* WidgetKit.framework */,
				A5D885DF271547BCAB71EBED /* SwiftUI.framework */,
			);
			name = Frameworks;
			sourceTree = "<group>";
		};
/* End PBXGroup section */

/* Begin PBXNativeTarget section */
		077E0902895D492899F3A510 /* SnapTask */ = {
			isa = PBXNativeTarget;
			buildConfigurationList = 64F90B65375041A897C790E5 /* Build configuration list for PBXNativeTarget "SnapTask" */;
			buildPhases = (
				6798D18CA3BD4052B2F8CD90 /* Sources */,
				20933D2559A0439FAC4E551F /* Frameworks */,
				02B5105D61A843DC8E5D1709 /* Resources */,
				081CB257FAB74E359B38083E /* Embed Watch Content */,
				153710D2849F4F38ADE66640 /* Embed Foundation Extensions */,
			);
			buildRules = (
			);
			dependencies = (
			);
			fileSystemSynchronizedGroups = (
				836D3975FC0642468BE2CA9B /* SnapTask */,
			);
			name = SnapTask;
			packageProductDependencies = (
				B7E085D2B50B4B569093A98C /* FirebaseAuth */,
				D87140FB2D2B446DA794B990 /* FirebaseFirestore */,
				C23D2A3E30904F0BBD78F8CE /* FirebaseCore */,
			);
			productName = SnapTask;
			productReference = D58B432B55A343BB8233FA51 /* SnapTask Pro.app */;
			productType = "com.apple.product-type.application";
		};
		2330FD879B154048BAF56383 /* SnapTaskTests */ = {
			isa = PBXNativeTarget;
			buildConfigurationList = 474E8A1691D74E83B0D38C66 /* Build configuration list for PBXNativeTarget "SnapTaskTests" */;
			buildPhases = (
				CFF5929FAB294544B970B60C /* Sources */,
				BA572E9C4CFA4D018C1D3C20 /* Frameworks */,
				C9DC97EDE0AE42FDA903C281 /* Resources */,
			);
			buildRules = (
			);
			dependencies = (
				CDFA3A8FA4644AD0A5AE98B1 /* PBXTargetDependency */,
			);
			fileSystemSynchronizedGroups = (
				7C5DB2BAEEFA4BE6BF36C947 /* SnapTaskTests */,
			);
			name = SnapTaskTests;
			packageProductDependencies = (
			);
			productName = SnapTaskTests;
			productReference = 1EF726BA3CB24B2E98E30EC2 /* SnapTaskTests.xctest */;
			productType = "com.apple.product-type.bundle.unit-test";
		};
		3ABC874A267E4114B068247B /* SnapTask ProUITests */ = {
			isa = PBXNativeTarget;
			buildConfigurationList = E37D8F3EFFB64127A437E547 /* Build configuration list for PBXNativeTarget "SnapTask ProUITests" */;
			buildPhases = (
				9436E61ED67B4F788E4C30BB /* Sources */,
				20907EEE110A415F9735B493 /* Frameworks */,
				57AC9BF7DEDF4B558CA7B241 /* Resources */,
			);
			buildRules = (
			);
			dependencies = (
				47FDDB24E1A64D3F86D56FDC /* PBXTargetDependency */,
			);
			name = "SnapTask ProUITests";
			packageProductDependencies = (
			);
			productName = "SnapTask ProUITests";
			productReference = F410AB27FC1B43A7B59795D0 /* SnapTask ProUITests.xctest */;
			productType = "com.apple.product-type.bundle.ui-testing";
		};
		5C2A3715D7644CC0B6CE6CE8 /* SnapTask ProTests */ = {
			isa = PBXNativeTarget;
			buildConfigurationList = 26CC246A87DF4DC192B21C68 /* Build configuration list for PBXNativeTarget "SnapTask ProTests" */;
			buildPhases = (
				C2E42AC2727A4AE4AE5F5E09 /* Sources */,
				F9DFD587043F4B17857AE65E /* Frameworks */,
				4344CF04ED1E4C37BE02494F /* Resources */,
			);
			buildRules = (
			);
			dependencies = (
				4E8501B46FE44250A8A2E615 /* PBXTargetDependency */,
			);
			name = "SnapTask ProTests";
			packageProductDependencies = (
			);
			productName = "SnapTask ProTests";
			productReference = 5BE6903CC2BE45AF9E5B2602 /* SnapTask ProTests.xctest */;
			productType = "com.apple.product-type.bundle.unit-test";
		};
		8558DB37607D472D9D5D9D67 /* SnapTask Pro */ = {
			isa = PBXNativeTarget;
			buildConfigurationList = B3D8E97DCC574C309D6219D4 /* Build configuration list for PBXNativeTarget "SnapTask Pro" */;
			buildPhases = (
				B0DD5E13E41C491294E7BB85 /* Sources */,
				50D674F8FE394DB3B5DF3237 /* Frameworks */,
				F90BF2D7FCC244B3976C3DDD /* Resources */,
			);
			buildRules = (
			);
			dependencies = (
			);
			name = "SnapTask Pro";
			packageProductDependencies = (
			);
			productName = "SnapTask Pro";
			productReference = F5F5DAAB9E22424CBC996659 /* SnapTask Pro.app */;
			productType = "com.apple.product-type.application";
		};
/* End PBXNativeTarget section */

/* Begin PBXProject section */
		FD3DCF475E4A4C8CABD44701 /* Project object */ = {
			isa = PBXProject;
			attributes = {
				BuildIndependentTargetsInParallel = 1;
				LastSwiftUpdateCheck = 1630;
				LastUpgradeCheck = 1630;
				TargetAttributes = {
					077E0902895D492899F3A510 = {
						CreatedOnToolsVersion = 16.2;
					};
					2330FD879B154048BAF56383 = {
						CreatedOnToolsVersion = 16.2;
						TestTargetID = 077E0902895D492899F3A510;
					};
					3ABC874A267E4114B068247B = {
						CreatedOnToolsVersion = 16.3;
						TestTargetID = 8558DB37607D472D9D5D9D67;
					};
					5C2A3715D7644CC0B6CE6CE8 = {
						CreatedOnToolsVersion = 16.3;
						TestTargetID = 8558DB37607D472D9D5D9D67;
					};
					8558DB37607D472D9D5D9D67 = {
						CreatedOnToolsVersion = 16.3;
					};
				};
			};
			buildConfigurationList = 57AD9857CED74477B9D79C9C /* Build configuration list for PBXProject "SnapTask" */;
			developmentRegion = en;
			hasScannedForEncodings = 0;
			knownRegions = (
				en,
				Base,
				it,
				es,
				fr,
				de,
				ja,
				pt,
			);
			mainGroup = 42636F0840E444CB8C194D30;
			minimizedProjectReferenceProxies = 1;
			packageReferences = (
				A09849D266F748BD92B740C7 /* XCRemoteSwiftPackageReference "firebase-ios-sdk" */,
			);
			preferredProjectObjectVersion = 77;
			productRefGroup = 91AAC91753284605B39E028F /* Products */;
			projectDirPath = "";
			projectRoot = "";
			targets = (
				077E0902895D492899F3A510 /* SnapTask */,
				2330FD879B154048BAF56383 /* SnapTaskTests */,
				8558DB37607D472D9D5D9D67 /* SnapTask Pro */,
				5C2A3715D7644CC0B6CE6CE8 /* SnapTask ProTests */,
				3ABC874A267E4114B068247B /* SnapTask ProUITests */,
			);
		};
/* End PBXProject section */

/* Begin PBXResourcesBuildPhase section */
		02B5105D61A843DC8E5D1709 /* Resources */ = {
			isa = PBXResourcesBuildPhase;
			buildActionMask = 2147483647;
			files = (
			);
			runOnlyForDeploymentPostprocessing = 0;
		};
		4344CF04ED1E4C37BE02494F /* Resources */ = {
			isa = PBXResourcesBuildPhase;
			buildActionMask = 2147483647;
			files = (
			);
			runOnlyForDeploymentPostprocessing = 0;
		};
		57AC9BF7DEDF4B558CA7B241 /* Resources */ = {
			isa = PBXResourcesBuildPhase;
			buildActionMask = 2147483647;
			files = (
			);
			runOnlyForDeploymentPostprocessing = 0;
		};
		C9DC97EDE0AE42FDA903C281 /* Resources */ = {
			isa = PBXResourcesBuildPhase;
			buildActionMask = 2147483647;
			files = (
			);
			runOnlyForDeploymentPostprocessing = 0;
		};
		F90BF2D7FCC244B3976C3DDD /* Resources */ = {
			isa = PBXResourcesBuildPhase;
			buildActionMask = 2147483647;
			files = (
			);
			runOnlyForDeploymentPostprocessing = 0;
		};
/* End PBXResourcesBuildPhase section */

/* Begin PBXSourcesBuildPhase section */
		6798D18CA3BD4052B2F8CD90 /* Sources */ = {
			isa = PBXSourcesBuildPhase;
			buildActionMask = 2147483647;
			files = (
			);
			runOnlyForDeploymentPostprocessing = 0;
		};
		9436E61ED67B4F788E4C30BB /* Sources */ = {
			isa = PBXSourcesBuildPhase;
			buildActionMask = 2147483647;
			files = (
			);
			runOnlyForDeploymentPostprocessing = 0;
		};
		B0DD5E13E41C491294E7BB85 /* Sources */ = {
			isa = PBXSourcesBuildPhase;
			buildActionMask = 2147483647;
			files = (
			);
			runOnlyForDeploymentPostprocessing = 0;
		};
		C2E42AC2727A4AE4AE5F5E09 /* Sources */ = {
			isa = PBXSourcesBuildPhase;
			buildActionMask = 2147483647;
			files = (
			);
			runOnlyForDeploymentPostprocessing = 0;
		};
		CFF5929FAB294544B970B60C /* Sources */ = {
			isa = PBXSourcesBuildPhase;
			buildActionMask = 2147483647;
			files = (
			);
			runOnlyForDeploymentPostprocessing = 0;
		};
/* End PBXSourcesBuildPhase section */

/* Begin PBXTargetDependency section */
		47FDDB24E1A64D3F86D56FDC /* PBXTargetDependency */ = {
			isa = PBXTargetDependency;
			target = 8558DB37607D472D9D5D9D67 /* SnapTask Pro */;
			targetProxy = CB092F97BB274760BEF0ADAC /* PBXContainerItemProxy */;
		};
		4E8501B46FE44250A8A2E615 /* PBXTargetDependency */ = {
			isa = PBXTargetDependency;
			target = 8558DB37607D472D9D5D9D67 /* SnapTask Pro */;
			targetProxy = 8DFBB9A27DB047A695FB5AD8 /* PBXContainerItemProxy */;
		};
		CDFA3A8FA4644AD0A5AE98B1 /* PBXTargetDependency */ = {
			isa = PBXTargetDependency;
			target = 077E0902895D492899F3A510 /* SnapTask */;
			targetProxy = CF3FBA583CBA4F8FB83F26AC /* PBXContainerItemProxy */;
		};
/* End PBXTargetDependency section */

/* Begin XCBuildConfiguration section */
		12659A8573424BC489D82D5F /* Release */ = {
			isa = XCBuildConfiguration;
			buildSettings = {
				ASSETCATALOG_COMPILER_APPICON_NAME = AppIcon;
				ASSETCATALOG_COMPILER_GLOBAL_ACCENT_COLOR_NAME = AccentColor;
				ASSETCATALOG_COMPILER_INCLUDE_ALL_APPICON_ASSETS = YES;
				CODE_SIGN_ENTITLEMENTS = SnapTask/SnapTask.entitlements;
				CODE_SIGN_STYLE = Automatic;
				CURRENT_PROJECT_VERSION = 1;
				DEVELOPMENT_ASSET_PATHS = "\"SnapTask/Preview Content\"";
				DEVELOPMENT_TEAM = Y997848SS8;
				ENABLE_PREVIEWS = YES;
				GENERATE_INFOPLIST_FILE = YES;
				INFOPLIST_FILE = SnapTask/Info.plist;
				INFOPLIST_KEY_CFBundleDevelopmentRegion = en;
				INFOPLIST_KEY_CFBundleDisplayName = SnapTask;
				INFOPLIST_KEY_CFBundleLocalizations = "en it";
				INFOPLIST_KEY_ITSAppUsesNonExemptEncryption = NO;
				INFOPLIST_KEY_LSApplicationCategoryType = "public.app-category.productivity";
				INFOPLIST_KEY_NSCameraUsageDescription = "Allow SnapTask to use your camera to capture photos for your tasks.";
				INFOPLIST_KEY_NSMicrophoneUsageDescription = "Allow SnapTask to use your microphone to record voice memos for your tasks.";
				INFOPLIST_KEY_NSPhotoLibraryUsageDescription = "Allow SnapTask to access your photo library to attach images to your tasks.";
				INFOPLIST_KEY_NSRemindersUsageDescription = "SnapTask needs write access to your calendar to create and update calendar events for your tasks";
				INFOPLIST_KEY_UIApplicationSceneManifest_Generation = YES;
				INFOPLIST_KEY_UIApplicationSupportsIndirectInputEvents = YES;
				INFOPLIST_KEY_UILaunchScreen_Generation = YES;
				INFOPLIST_KEY_UIRequiredDeviceCapabilities = armv7;
				INFOPLIST_KEY_UIStatusBarStyle = "";
				INFOPLIST_KEY_UISupportedInterfaceOrientations = UIInterfaceOrientationPortrait;
				INFOPLIST_KEY_UISupportedInterfaceOrientations_iPad = "UIInterfaceOrientationLandscapeLeft UIInterfaceOrientationLandscapeRight UIInterfaceOrientationPortrait UIInterfaceOrientationPortraitUpsideDown";
				LD_RUNPATH_SEARCH_PATHS = (
					"$(inherited)",
					"@executable_path/Frameworks",
				);
				MARKETING_VERSION = 1;
				PRODUCT_BUNDLE_IDENTIFIER = com.giovanniamadei.SnapTaskProAlpha;
				PRODUCT_NAME = "SnapTask Pro";
				SWIFT_EMIT_LOC_STRINGS = YES;
				SWIFT_VERSION = 5.0;
				TARGETED_DEVICE_FAMILY = "1,2";
			};
			name = Release;
		};
		2710014395E94ACCB70E5989 /* Release */ = {
			isa = XCBuildConfiguration;
			buildSettings = {
				CODE_SIGN_STYLE = Automatic;
				CURRENT_PROJECT_VERSION = 1;
				DEVELOPMENT_TEAM = Y997848SS8;
				GENERATE_INFOPLIST_FILE = YES;
				MACOSX_DEPLOYMENT_TARGET = 15.4;
				MARKETING_VERSION = 1.0;
				PRODUCT_BUNDLE_IDENTIFIER = "com.giovanniamadei.SnapTaskProAlpha.macOS.SnapTask-ProUITests";
				PRODUCT_NAME = "$(TARGET_NAME)";
				SDKROOT = macosx;
				SWIFT_EMIT_LOC_STRINGS = NO;
				SWIFT_VERSION = 5.0;
				TEST_TARGET_NAME = "SnapTask Pro";
			};
			name = Release;
		};
		3C807DFBA7A44EE4B5EA99D3 /* Debug */ = {
			isa = XCBuildConfiguration;
			buildSettings = {
				BUNDLE_LOADER = "$(TEST_HOST)";
				CODE_SIGN_STYLE = Automatic;
				CURRENT_PROJECT_VERSION = 1;
				DEVELOPMENT_TEAM = Y997848SS8;
				GENERATE_INFOPLIST_FILE = YES;
				MACOSX_DEPLOYMENT_TARGET = 15.4;
				MARKETING_VERSION = 1.0;
				PRODUCT_BUNDLE_IDENTIFIER = "com.giovanniamadei.SnapTaskProAlpha.macOS.SnapTask-ProTests";
				PRODUCT_NAME = "$(TARGET_NAME)";
				SDKROOT = macosx;
				SWIFT_EMIT_LOC_STRINGS = NO;
				SWIFT_VERSION = 5.0;
				TEST_HOST = "$(BUILT_PRODUCTS_DIR)/SnapTask Pro.app/$(BUNDLE_EXECUTABLE_FOLDER_PATH)/SnapTask Pro";
			};
			name = Debug;
		};
		4C3095CD5186418B896D30CE /* Release */ = {
			isa = XCBuildConfiguration;
			buildSettings = {
				ASSETCATALOG_COMPILER_APPICON_NAME = AppIcon;
				ASSETCATALOG_COMPILER_GLOBAL_ACCENT_COLOR_NAME = AccentColor;
				CODE_SIGN_ENTITLEMENTS = "SnapTask Pro/SnapTask_Pro.entitlements";
				CODE_SIGN_STYLE = Automatic;
				COMBINE_HIDPI_IMAGES = YES;
				CURRENT_PROJECT_VERSION = 1;
				DEVELOPMENT_TEAM = Y997848SS8;
				ENABLE_HARDENED_RUNTIME = YES;
				ENABLE_PREVIEWS = YES;
				GENERATE_INFOPLIST_FILE = YES;
				INFOPLIST_KEY_NSHumanReadableCopyright = "";
				LD_RUNPATH_SEARCH_PATHS = (
					"$(inherited)",
					"@executable_path/../Frameworks",
				);
				MACOSX_DEPLOYMENT_TARGET = 15.4;
				MARKETING_VERSION = 1.0;
				PRODUCT_BUNDLE_IDENTIFIER = "com.giovanniamadei.SnapTaskProAlpha.macOS.SnapTask-Pro";
				PRODUCT_NAME = "$(TARGET_NAME)";
				REGISTER_APP_GROUPS = YES;
				SDKROOT = macosx;
				SWIFT_EMIT_LOC_STRINGS = YES;
				SWIFT_VERSION = 5.0;
			};
			name = Release;
		};
		52D495BFE2DF4C1CA6D23B25 /* Debug */ = {
			isa = XCBuildConfiguration;
			buildSettings = {
				ASSETCATALOG_COMPILER_APPICON_NAME = AppIcon;
				ASSETCATALOG_COMPILER_GLOBAL_ACCENT_COLOR_NAME = AccentColor;
				CODE_SIGN_ENTITLEMENTS = "SnapTask Pro/SnapTask_Pro.entitlements";
				CODE_SIGN_STYLE = Automatic;
				COMBINE_HIDPI_IMAGES = YES;
				CURRENT_PROJECT_VERSION = 1;
				DEVELOPMENT_TEAM = Y997848SS8;
				ENABLE_HARDENED_RUNTIME = YES;
				ENABLE_PREVIEWS = YES;
				GENERATE_INFOPLIST_FILE = YES;
				INFOPLIST_KEY_NSHumanReadableCopyright = "";
				LD_RUNPATH_SEARCH_PATHS = (
					"$(inherited)",
					"@executable_path/../Frameworks",
				);
				MACOSX_DEPLOYMENT_TARGET = 15.4;
				MARKETING_VERSION = 1.0;
				PRODUCT_BUNDLE_IDENTIFIER = "com.giovanniamadei.SnapTaskProAlpha.macOS.SnapTask-Pro";
				PRODUCT_NAME = "$(TARGET_NAME)";
				REGISTER_APP_GROUPS = YES;
				SDKROOT = macosx;
				SWIFT_EMIT_LOC_STRINGS = YES;
				SWIFT_VERSION = 5.0;
			};
			name = Debug;
		};
		8C6F03C26249427595E789B8 /* Debug */ = {
			isa = XCBuildConfiguration;
			buildSettings = {
				ALWAYS_SEARCH_USER_PATHS = NO;
				ASSETCATALOG_COMPILER_GENERATE_SWIFT_ASSET_SYMBOL_EXTENSIONS = YES;
				CLANG_ANALYZER_LOCALIZABILITY_NONLOCALIZED = YES;
				CLANG_ANALYZER_NONNULL = YES;
				CLANG_ANALYZER_NUMBER_OBJECT_CONVERSION = YES_AGGRESSIVE;
				CLANG_CXX_LANGUAGE_STANDARD = "gnu++20";
				CLANG_ENABLE_MODULES = YES;
				CLANG_ENABLE_OBJC_ARC = YES;
				CLANG_ENABLE_OBJC_WEAK = YES;
				CLANG_WARN_BLOCK_CAPTURE_AUTORELEASING = YES;
				CLANG_WARN_BOOL_CONVERSION = YES;
				CLANG_WARN_COMMA = YES;
				CLANG_WARN_CONSTANT_CONVERSION = YES;
				CLANG_WARN_DEPRECATED_OBJC_IMPLEMENTATIONS = YES;
				CLANG_WARN_DIRECT_OBJC_ISA_USAGE = YES_ERROR;
				CLANG_WARN_DOCUMENTATION_COMMENTS = YES;
				CLANG_WARN_EMPTY_BODY = YES;
				CLANG_WARN_ENUM_CONVERSION = YES;
				CLANG_WARN_INFINITE_RECURSION = YES;
				CLANG_WARN_INT_CONVERSION = YES;
				CLANG_WARN_NON_LITERAL_NULL_CONVERSION = YES;
				CLANG_WARN_OBJC_IMPLICIT_RETAIN_SELF = YES;
				CLANG_WARN_OBJC_LITERAL_CONVERSION = YES;
				CLANG_WARN_OBJC_ROOT_CLASS = YES_ERROR;
				CLANG_WARN_QUOTED_INCLUDE_IN_FRAMEWORK_HEADER = YES;
				CLANG_WARN_RANGE_LOOP_ANALYSIS = YES;
				CLANG_WARN_STRICT_PROTOTYPES = YES;
				CLANG_WARN_SUSPICIOUS_MOVE = YES;
				CLANG_WARN_UNGUARDED_AVAILABILITY = YES_AGGRESSIVE;
				CLANG_WARN_UNREACHABLE_CODE = YES;
				CLANG_WARN__DUPLICATE_METHOD_MATCH = YES;
				COPY_PHASE_STRIP = NO;
				DEBUG_INFORMATION_FORMAT = dwarf;
				DEVELOPMENT_TEAM = Y997848SS8;
				ENABLE_STRICT_OBJC_MSGSEND = YES;
				ENABLE_TESTABILITY = YES;
				ENABLE_USER_SCRIPT_SANDBOXING = YES;
				GCC_C_LANGUAGE_STANDARD = gnu17;
				GCC_DYNAMIC_NO_PIC = NO;
				GCC_NO_COMMON_BLOCKS = YES;
				GCC_OPTIMIZATION_LEVEL = 0;
				GCC_PREPROCESSOR_DEFINITIONS = (
					"DEBUG=1",
					"$(inherited)",
				);
				GCC_WARN_64_TO_32_BIT_CONVERSION = YES;
				GCC_WARN_ABOUT_RETURN_TYPE = YES_ERROR;
				GCC_WARN_UNDECLARED_SELECTOR = YES;
				GCC_WARN_UNINITIALIZED_AUTOS = YES_AGGRESSIVE;
				GCC_WARN_UNUSED_FUNCTION = YES;
				GCC_WARN_UNUSED_VARIABLE = YES;
				IPHONEOS_DEPLOYMENT_TARGET = 18.2;
				LOCALIZATION_PREFERS_STRING_CATALOGS = YES;
				MTL_ENABLE_DEBUG_INFO = INCLUDE_SOURCE;
				MTL_FAST_MATH = YES;
				ONLY_ACTIVE_ARCH = YES;
				SDKROOT = iphoneos;
				SWIFT_ACTIVE_COMPILATION_CONDITIONS = "DEBUG $(inherited)";
				SWIFT_OPTIMIZATION_LEVEL = "-Onone";
			};
			name = Debug;
		};
		9298616C6E4B4493B5D7C25D /* Release */ = {
			isa = XCBuildConfiguration;
			buildSettings = {
				BUNDLE_LOADER = "$(TEST_HOST)";
				CODE_SIGN_STYLE = Automatic;
				CURRENT_PROJECT_VERSION = 1;
				DEVELOPMENT_TEAM = Y997848SS8;
				GENERATE_INFOPLIST_FILE = YES;
				MACOSX_DEPLOYMENT_TARGET = 15.4;
				MARKETING_VERSION = 1.0;
				PRODUCT_BUNDLE_IDENTIFIER = "com.giovanniamadei.SnapTaskProAlpha.macOS.SnapTask-ProTests";
				PRODUCT_NAME = "$(TARGET_NAME)";
				SDKROOT = macosx;
				SWIFT_EMIT_LOC_STRINGS = NO;
				SWIFT_VERSION = 5.0;
				TEST_HOST = "$(BUILT_PRODUCTS_DIR)/SnapTask Pro.app/$(BUNDLE_EXECUTABLE_FOLDER_PATH)/SnapTask Pro";
			};
			name = Release;
		};
		9B82049B14B845C8AEB8D3C7 /* Release */ = {
			isa = XCBuildConfiguration;
			buildSettings = {
				ALWAYS_SEARCH_USER_PATHS = NO;
				ASSETCATALOG_COMPILER_GENERATE_SWIFT_ASSET_SYMBOL_EXTENSIONS = YES;
				CLANG_ANALYZER_LOCALIZABILITY_NONLOCALIZED = YES;
				CLANG_ANALYZER_NONNULL = YES;
				CLANG_ANALYZER_NUMBER_OBJECT_CONVERSION = YES_AGGRESSIVE;
				CLANG_CXX_LANGUAGE_STANDARD = "gnu++20";
				CLANG_ENABLE_MODULES = YES;
				CLANG_ENABLE_OBJC_ARC = YES;
				CLANG_ENABLE_OBJC_WEAK = YES;
				CLANG_WARN_BLOCK_CAPTURE_AUTORELEASING = YES;
				CLANG_WARN_BOOL_CONVERSION = YES;
				CLANG_WARN_COMMA = YES;
				CLANG_WARN_CONSTANT_CONVERSION = YES;
				CLANG_WARN_DEPRECATED_OBJC_IMPLEMENTATIONS = YES;
				CLANG_WARN_DIRECT_OBJC_ISA_USAGE = YES_ERROR;
				CLANG_WARN_DOCUMENTATION_COMMENTS = YES;
				CLANG_WARN_EMPTY_BODY = YES;
				CLANG_WARN_ENUM_CONVERSION = YES;
				CLANG_WARN_INFINITE_RECURSION = YES;
				CLANG_WARN_INT_CONVERSION = YES;
				CLANG_WARN_NON_LITERAL_NULL_CONVERSION = YES;
				CLANG_WARN_OBJC_IMPLICIT_RETAIN_SELF = YES;
				CLANG_WARN_OBJC_LITERAL_CONVERSION = YES;
				CLANG_WARN_OBJC_ROOT_CLASS = YES_ERROR;
				CLANG_WARN_QUOTED_INCLUDE_IN_FRAMEWORK_HEADER = YES;
				CLANG_WARN_RANGE_LOOP_ANALYSIS = YES;
				CLANG_WARN_STRICT_PROTOTYPES = YES;
				CLANG_WARN_SUSPICIOUS_MOVE = YES;
				CLANG_WARN_UNGUARDED_AVAILABILITY = YES_AGGRESSIVE;
				CLANG_WARN_UNREACHABLE_CODE = YES;
				CLANG_WARN__DUPLICATE_METHOD_MATCH = YES;
				COPY_PHASE_STRIP = NO;
				DEBUG_INFORMATION_FORMAT = "dwarf-with-dsym";
				DEVELOPMENT_TEAM = Y997848SS8;
				ENABLE_NS_ASSERTIONS = NO;
				ENABLE_STRICT_OBJC_MSGSEND = YES;
				ENABLE_USER_SCRIPT_SANDBOXING = YES;
				GCC_C_LANGUAGE_STANDARD = gnu17;
				GCC_NO_COMMON_BLOCKS = YES;
				GCC_WARN_64_TO_32_BIT_CONVERSION = YES;
				GCC_WARN_ABOUT_RETURN_TYPE = YES_ERROR;
				GCC_WARN_UNDECLARED_SELECTOR = YES;
				GCC_WARN_UNINITIALIZED_AUTOS = YES_AGGRESSIVE;
				GCC_WARN_UNUSED_FUNCTION = YES;
				GCC_WARN_UNUSED_VARIABLE = YES;
				IPHONEOS_DEPLOYMENT_TARGET = 18.2;
				LOCALIZATION_PREFERS_STRING_CATALOGS = YES;
				MTL_ENABLE_DEBUG_INFO = NO;
				MTL_FAST_MATH = YES;
				SDKROOT = iphoneos;
				SWIFT_COMPILATION_MODE = wholemodule;
				VALIDATE_PRODUCT = YES;
			};
			name = Release;
		};
		AD726710A117450FAE4E3D29 /* Debug */ = {
			isa = XCBuildConfiguration;
			buildSettings = {
				ASSETCATALOG_COMPILER_APPICON_NAME = AppIcon;
				ASSETCATALOG_COMPILER_GLOBAL_ACCENT_COLOR_NAME = AccentColor;
				ASSETCATALOG_COMPILER_INCLUDE_ALL_APPICON_ASSETS = YES;
				CODE_SIGN_ENTITLEMENTS = SnapTask/SnapTask.entitlements;
				CODE_SIGN_STYLE = Automatic;
				CURRENT_PROJECT_VERSION = 1;
				DEVELOPMENT_ASSET_PATHS = "\"SnapTask/Preview Content\"";
				DEVELOPMENT_TEAM = Y997848SS8;
				ENABLE_PREVIEWS = YES;
				GENERATE_INFOPLIST_FILE = YES;
				INFOPLIST_FILE = SnapTask/Info.plist;
				INFOPLIST_KEY_CFBundleDevelopmentRegion = en;
				INFOPLIST_KEY_CFBundleDisplayName = SnapTask;
				INFOPLIST_KEY_CFBundleLocalizations = "en it";
				INFOPLIST_KEY_ITSAppUsesNonExemptEncryption = NO;
				INFOPLIST_KEY_LSApplicationCategoryType = "public.app-category.productivity";
				INFOPLIST_KEY_NSCameraUsageDescription = "Allow SnapTask to use your camera to capture photos for your tasks.";
				INFOPLIST_KEY_NSMicrophoneUsageDescription = "Allow SnapTask to use your microphone to record voice memos for your tasks.";
				INFOPLIST_KEY_NSPhotoLibraryUsageDescription = "Allow SnapTask to access your photo library to attach images to your tasks.";
				INFOPLIST_KEY_NSRemindersUsageDescription = "SnapTask needs write access to your calendar to create and update calendar events for your tasks";
				INFOPLIST_KEY_UIApplicationSceneManifest_Generation = YES;
				INFOPLIST_KEY_UIApplicationSupportsIndirectInputEvents = YES;
				INFOPLIST_KEY_UILaunchScreen_Generation = YES;
				INFOPLIST_KEY_UIRequiredDeviceCapabilities = armv7;
				INFOPLIST_KEY_UIStatusBarStyle = "";
				INFOPLIST_KEY_UISupportedInterfaceOrientations = UIInterfaceOrientationPortrait;
				INFOPLIST_KEY_UISupportedInterfaceOrientations_iPad = "UIInterfaceOrientationLandscapeLeft UIInterfaceOrientationLandscapeRight UIInterfaceOrientationPortrait UIInterfaceOrientationPortraitUpsideDown";
				LD_RUNPATH_SEARCH_PATHS = (
					"$(inherited)",
					"@executable_path/Frameworks",
				);
				MARKETING_VERSION = 1;
				PRODUCT_BUNDLE_IDENTIFIER = com.giovanniamadei.SnapTaskProAlpha;
				PRODUCT_NAME = "SnapTask Pro";
				SWIFT_EMIT_LOC_STRINGS = YES;
				SWIFT_VERSION = 5.0;
				TARGETED_DEVICE_FAMILY = "1,2";
			};
			name = Debug;
		};
		EADA49812931469EB118E438 /* Release */ = {
			isa = XCBuildConfiguration;
			buildSettings = {
				BUNDLE_LOADER = "$(TEST_HOST)";
				CODE_SIGN_STYLE = Automatic;
				CURRENT_PROJECT_VERSION = 1;
				GENERATE_INFOPLIST_FILE = YES;
				IPHONEOS_DEPLOYMENT_TARGET = 18.2;
				MARKETING_VERSION = 1.0;
				PRODUCT_BUNDLE_IDENTIFIER = com.giovanniamadei.SnapTaskTests;
				PRODUCT_NAME = "$(TARGET_NAME)";
				SWIFT_EMIT_LOC_STRINGS = NO;
				SWIFT_VERSION = 5.0;
				TARGETED_DEVICE_FAMILY = "1,2";
				TEST_HOST = "$(BUILT_PRODUCTS_DIR)/SnapTask.app/$(BUNDLE_EXECUTABLE_FOLDER_PATH)/SnapTask";
			};
			name = Release;
		};
		F6664E722BC9472E87849EA9 /* Debug */ = {
			isa = XCBuildConfiguration;
			buildSettings = {
				CODE_SIGN_STYLE = Automatic;
				CURRENT_PROJECT_VERSION = 1;
				DEVELOPMENT_TEAM = Y997848SS8;
				GENERATE_INFOPLIST_FILE = YES;
				MACOSX_DEPLOYMENT_TARGET = 15.4;
				MARKETING_VERSION = 1.0;
				PRODUCT_BUNDLE_IDENTIFIER = "com.giovanniamadei.SnapTaskProAlpha.macOS.SnapTask-ProUITests";
				PRODUCT_NAME = "$(TARGET_NAME)";
				SDKROOT = macosx;
				SWIFT_EMIT_LOC_STRINGS = NO;
				SWIFT_VERSION = 5.0;
				TEST_TARGET_NAME = "SnapTask Pro";
			};
			name = Debug;
		};
		F7DAD0C1704743338E5497FD /* Debug */ = {
			isa = XCBuildConfiguration;
			buildSettings = {
				BUNDLE_LOADER = "$(TEST_HOST)";
				CODE_SIGN_STYLE = Automatic;
				CURRENT_PROJECT_VERSION = 1;
				GENERATE_INFOPLIST_FILE = YES;
				IPHONEOS_DEPLOYMENT_TARGET = 18.2;
				MARKETING_VERSION = 1.0;
				PRODUCT_BUNDLE_IDENTIFIER = com.giovanniamadei.SnapTaskTests;
				PRODUCT_NAME = "$(TARGET_NAME)";
				SWIFT_EMIT_LOC_STRINGS = NO;
				SWIFT_VERSION = 5.0;
				TARGETED_DEVICE_FAMILY = "1,2";
				TEST_HOST = "$(BUILT_PRODUCTS_DIR)/SnapTask.app/$(BUNDLE_EXECUTABLE_FOLDER_PATH)/SnapTask";
			};
			name = Debug;
		};
/* End XCBuildConfiguration section */

/* Begin XCConfigurationList section */
		26CC246A87DF4DC192B21C68 /* Build configuration list for PBXNativeTarget "SnapTask ProTests" */ = {
			isa = XCConfigurationList;
			buildConfigurations = (
				3C807DFBA7A44EE4B5EA99D3 /* Debug */,
				9298616C6E4B4493B5D7C25D /* Release */,
			);
			defaultConfigurationIsVisible = 0;
			defaultConfigurationName = Release;
		};
		474E8A1691D74E83B0D38C66 /* Build configuration list for PBXNativeTarget "SnapTaskTests" */ = {
			isa = XCConfigurationList;
			buildConfigurations = (
				F7DAD0C1704743338E5497FD /* Debug */,
				EADA49812931469EB118E438 /* Release */,
			);
			defaultConfigurationIsVisible = 0;
			defaultConfigurationName = Release;
		};
		57AD9857CED74477B9D79C9C /* Build configuration list for PBXProject "SnapTask" */ = {
			isa = XCConfigurationList;
			buildConfigurations = (
				8C6F03C26249427595E789B8 /* Debug */,
				9B82049B14B845C8AEB8D3C7 /* Release */,
			);
			defaultConfigurationIsVisible = 0;
			defaultConfigurationName = Release;
		};
		64F90B65375041A897C790E5 /* Build configuration list for PBXNativeTarget "SnapTask" */ = {
			isa = XCConfigurationList;
			buildConfigurations = (
				AD726710A117450FAE4E3D29 /* Debug */,
				12659A8573424BC489D82D5F /* Release */,
			);
			defaultConfigurationIsVisible = 0;
			defaultConfigurationName = Release;
		};
		B3D8E97DCC574C309D6219D4 /* Build configuration list for PBXNativeTarget "SnapTask Pro" */ = {
			isa = XCConfigurationList;
			buildConfigurations = (
				52D495BFE2DF4C1CA6D23B25 /* Debug */,
				4C3095CD5186418B896D30CE /* Release */,
			);
			defaultConfigurationIsVisible = 0;
			defaultConfigurationName = Release;
		};
		E37D8F3EFFB64127A437E547 /* Build configuration list for PBXNativeTarget "SnapTask ProUITests" */ = {
			isa = XCConfigurationList;
			buildConfigurations = (
				F6664E722BC9472E87849EA9 /* Debug */,
				2710014395E94ACCB70E5989 /* Release */,
			);
			defaultConfigurationIsVisible = 0;
			defaultConfigurationName = Release;
		};
/* End XCConfigurationList section */

/* Begin XCRemoteSwiftPackageReference section */
		A09849D266F748BD92B740C7 /* XCRemoteSwiftPackageReference "firebase-ios-sdk" */ = {
			isa = XCRemoteSwiftPackageReference;
			repositoryURL = "https://github.com/firebase/firebase-ios-sdk";
			requirement = {
				kind = upToNextMajorVersion;
				minimumVersion = 11.13.0;
			};
		};
/* End XCRemoteSwiftPackageReference section */

/* Begin XCSwiftPackageProductDependency section */
		B7E085D2B50B4B569093A98C /* FirebaseAuth */ = {
			isa = XCSwiftPackageProductDependency;
			package = A09849D266F748BD92B740C7 /* XCRemoteSwiftPackageReference "firebase-ios-sdk" */;
			productName = FirebaseAuth;
		};
		C23D2A3E30904F0BBD78F8CE /* FirebaseCore */ = {
			isa = XCSwiftPackageProductDependency;
			package = A09849D266F748BD92B740C7 /* XCRemoteSwiftPackageReference "firebase-ios-sdk" */;
			productName = FirebaseCore;
		};
		D87140FB2D2B446DA794B990 /* FirebaseFirestore */ = {
			isa = XCSwiftPackageProductDependency;
			package = A09849D266F748BD92B740C7 /* XCRemoteSwiftPackageReference "firebase-ios-sdk" */;
			productName = FirebaseFirestore;
		};
/* End XCSwiftPackageProductDependency section */
	};
	rootObject = FD3DCF475E4A4C8CABD44701 /* Project object */;
}
