// !$*UTF8*$!
{
	archiveVersion = 1;
	classes = {
	};
	objectVersion = 77;
	objects = {

/* Begin PBXBuildFile section */
		FC6909862DD49BE00006E601 /* SnapTask Watch App Watch App.app in Embed Watch Content */ = {isa = PBXBuildFile; fileRef = FC6909662DD49BDF0006E601 /* SnapTask Watch App Watch App.app */; settings = {ATTRIBUTES = (RemoveHeadersOnCopy, ); }; };
		FC690B782DD4A0DA0006E601 /* QuoteService.swift in Sources */ = {isa = PBXBuildFile; fileRef = FC690B772DD4A0DA0006E601 /* QuoteService.swift */; };
		FCA65A5E2DEC897F002B31B0 /* FirebaseCore in Frameworks */ = {isa = PBXBuildFile; productRef = FCA65A5D2DEC897F002B31B0 /* FirebaseCore */; };
		FCDA68132DE77241008D5566 /* FirebaseAuth in Frameworks */ = {isa = PBXBuildFile; productRef = FCDA68122DE77241008D5566 /* FirebaseAuth */; };
		FCDA68152DE77241008D5566 /* FirebaseFirestore in Frameworks */ = {isa = PBXBuildFile; productRef = FCDA68142DE77241008D5566 /* FirebaseFirestore */; };
/* End PBXBuildFile section */

/* Begin PBXContainerItemProxy section */
		ACCAD3F72D37D10600A26002 /* PBXContainerItemProxy */ = {
			isa = PBXContainerItemProxy;
			containerPortal = ACCAD3DE2D37D10500A26002 /* Project object */;
			proxyType = 1;
			remoteGlobalIDString = ACCAD3E52D37D10500A26002;
			remoteInfo = SnapTask;
		};
		ACCAD4012D37D10600A26002 /* PBXContainerItemProxy */ = {
			isa = PBXContainerItemProxy;
			containerPortal = ACCAD3DE2D37D10500A26002 /* Project object */;
			proxyType = 1;
			remoteGlobalIDString = ACCAD3E52D37D10500A26002;
			remoteInfo = SnapTask;
		};
		FC6909732DD49BE00006E601 /* PBXContainerItemProxy */ = {
			isa = PBXContainerItemProxy;
			containerPortal = ACCAD3DE2D37D10500A26002 /* Project object */;
			proxyType = 1;
			remoteGlobalIDString = FC6909652DD49BDF0006E601;
			remoteInfo = "SnapTask Watch App Watch App";
		};
		FC69097D2DD49BE00006E601 /* PBXContainerItemProxy */ = {
			isa = PBXContainerItemProxy;
			containerPortal = ACCAD3DE2D37D10500A26002 /* Project object */;
			proxyType = 1;
			remoteGlobalIDString = FC6909652DD49BDF0006E601;
			remoteInfo = "SnapTask Watch App Watch App";
		};
		FC6909842DD49BE00006E601 /* PBXContainerItemProxy */ = {
			isa = PBXContainerItemProxy;
			containerPortal = ACCAD3DE2D37D10500A26002 /* Project object */;
			proxyType = 1;
			remoteGlobalIDString = FC6909652DD49BDF0006E601;
			remoteInfo = "SnapTask Watch App Watch App";
		};
/* End PBXContainerItemProxy section */

/* Begin PBXCopyFilesBuildPhase section */
		FC6909872DD49BE00006E601 /* Embed Watch Content */ = {
			isa = PBXCopyFilesBuildPhase;
			buildActionMask = 2147483647;
			dstPath = "$(CONTENTS_FOLDER_PATH)/Watch";
			dstSubfolderSpec = 16;
			files = (
				FC6909862DD49BE00006E601 /* SnapTask Watch App Watch App.app in Embed Watch Content */,
			);
			name = "Embed Watch Content";
			runOnlyForDeploymentPostprocessing = 0;
		};
/* End PBXCopyFilesBuildPhase section */

/* Begin PBXFileReference section */
		ACCAD3E62D37D10500A26002 /* SnapTask.app */ = {isa = PBXFileReference; explicitFileType = wrapper.application; includeInIndex = 0; path = SnapTask.app; sourceTree = BUILT_PRODUCTS_DIR; };
		ACCAD3F62D37D10600A26002 /* SnapTaskTests.xctest */ = {isa = PBXFileReference; explicitFileType = wrapper.cfbundle; includeInIndex = 0; path = SnapTaskTests.xctest; sourceTree = BUILT_PRODUCTS_DIR; };
		ACCAD4002D37D10600A26002 /* SnapTaskUITests.xctest */ = {isa = PBXFileReference; explicitFileType = wrapper.cfbundle; includeInIndex = 0; path = SnapTaskUITests.xctest; sourceTree = BUILT_PRODUCTS_DIR; };
		FC6909662DD49BDF0006E601 /* SnapTask Watch App Watch App.app */ = {isa = PBXFileReference; explicitFileType = wrapper.application; includeInIndex = 0; path = "SnapTask Watch App Watch App.app"; sourceTree = BUILT_PRODUCTS_DIR; };
		FC6909722DD49BE00006E601 /* SnapTask Watch App Watch AppTests.xctest */ = {isa = PBXFileReference; explicitFileType = wrapper.cfbundle; includeInIndex = 0; path = "SnapTask Watch App Watch AppTests.xctest"; sourceTree = BUILT_PRODUCTS_DIR; };
		FC69097C2DD49BE00006E601 /* SnapTask Watch App Watch AppUITests.xctest */ = {isa = PBXFileReference; explicitFileType = wrapper.cfbundle; includeInIndex = 0; path = "SnapTask Watch App Watch AppUITests.xctest"; sourceTree = BUILT_PRODUCTS_DIR; };
		FC690B772DD4A0DA0006E601 /* QuoteService.swift */ = {isa = PBXFileReference; lastKnownFileType = sourcecode.swift; name = QuoteService.swift; path = SnapTask/Services/QuoteService.swift; sourceTree = "<group>"; };
/* End PBXFileReference section */

/* Begin PBXFileSystemSynchronizedBuildFileExceptionSet section */
		FC690B762DD4A0DA0006E601 /* Exceptions for "SnapTask Watch App Watch App" folder in "SnapTask Watch App Watch App" target */ = {
			isa = PBXFileSystemSynchronizedBuildFileExceptionSet;
			membershipExceptions = (
				Info.plist,
			);
			target = FC6909652DD49BDF0006E601 /* SnapTask Watch App Watch App */;
		};
		FC9FE5612DECD329002425C4 /* Exceptions for "SnapTask" folder in "SnapTask" target */ = {
			isa = PBXFileSystemSynchronizedBuildFileExceptionSet;
			membershipExceptions = (
				Info.plist,
			);
			target = ACCAD3E52D37D10500A26002 /* SnapTask */;
		};
/* End PBXFileSystemSynchronizedBuildFileExceptionSet section */

/* Begin PBXFileSystemSynchronizedRootGroup section */
		ACCAD3E82D37D10500A26002 /* SnapTask */ = {
			isa = PBXFileSystemSynchronizedRootGroup;
			exceptions = (
				FC9FE5612DECD329002425C4 /* Exceptions for "SnapTask" folder in "SnapTask" target */,
			);
			path = SnapTask;
			sourceTree = "<group>";
		};
		ACCAD3F92D37D10600A26002 /* SnapTaskTests */ = {
			isa = PBXFileSystemSynchronizedRootGroup;
			path = SnapTaskTests;
			sourceTree = "<group>";
		};
		ACCAD4032D37D10600A26002 /* SnapTaskUITests */ = {
			isa = PBXFileSystemSynchronizedRootGroup;
			path = SnapTaskUITests;
			sourceTree = "<group>";
		};
		FC6909672DD49BDF0006E601 /* SnapTask Watch App Watch App */ = {
			isa = PBXFileSystemSynchronizedRootGroup;
			exceptions = (
				FC690B762DD4A0DA0006E601 /* Exceptions for "SnapTask Watch App Watch App" folder in "SnapTask Watch App Watch App" target */,
			);
			path = "SnapTask Watch App Watch App";
			sourceTree = "<group>";
		};
		FC6909752DD49BE00006E601 /* SnapTask Watch App Watch AppTests */ = {
			isa = PBXFileSystemSynchronizedRootGroup;
			path = "SnapTask Watch App Watch AppTests";
			sourceTree = "<group>";
		};
		FC69097F2DD49BE00006E601 /* SnapTask Watch App Watch AppUITests */ = {
			isa = PBXFileSystemSynchronizedRootGroup;
			path = "SnapTask Watch App Watch AppUITests";
			sourceTree = "<group>";
		};
/* End PBXFileSystemSynchronizedRootGroup section */

/* Begin PBXFrameworksBuildPhase section */
		ACCAD3E32D37D10500A26002 /* Frameworks */ = {
			isa = PBXFrameworksBuildPhase;
			buildActionMask = 2147483647;
			files = (
				FCDA68132DE77241008D5566 /* FirebaseAuth in Frameworks */,
				FCA65A5E2DEC897F002B31B0 /* FirebaseCore in Frameworks */,
				FCDA68152DE77241008D5566 /* FirebaseFirestore in Frameworks */,
			);
			runOnlyForDeploymentPostprocessing = 0;
		};
		ACCAD3F32D37D10600A26002 /* Frameworks */ = {
			isa = PBXFrameworksBuildPhase;
			buildActionMask = 2147483647;
			files = (
			);
			runOnlyForDeploymentPostprocessing = 0;
		};
		ACCAD3FD2D37D10600A26002 /* Frameworks */ = {
			isa = PBXFrameworksBuildPhase;
			buildActionMask = 2147483647;
			files = (
			);
			runOnlyForDeploymentPostprocessing = 0;
		};
		FC6909632DD49BDF0006E601 /* Frameworks */ = {
			isa = PBXFrameworksBuildPhase;
			buildActionMask = 2147483647;
			files = (
			);
			runOnlyForDeploymentPostprocessing = 0;
		};
		FC69096F2DD49BE00006E601 /* Frameworks */ = {
			isa = PBXFrameworksBuildPhase;
			buildActionMask = 2147483647;
			files = (
			);
			runOnlyForDeploymentPostprocessing = 0;
		};
		FC6909792DD49BE00006E601 /* Frameworks */ = {
			isa = PBXFrameworksBuildPhase;
			buildActionMask = 2147483647;
			files = (
			);
			runOnlyForDeploymentPostprocessing = 0;
		};
/* End PBXFrameworksBuildPhase section */

/* Begin PBXGroup section */
		ACCAD3DD2D37D10500A26002 = {
			isa = PBXGroup;
			children = (
				ACCAD3E82D37D10500A26002 /* SnapTask */,
				ACCAD3F92D37D10600A26002 /* SnapTaskTests */,
				ACCAD4032D37D10600A26002 /* SnapTaskUITests */,
				FC6909672DD49BDF0006E601 /* SnapTask Watch App Watch App */,
				FC6909752DD49BE00006E601 /* SnapTask Watch App Watch AppTests */,
				FC69097F2DD49BE00006E601 /* SnapTask Watch App Watch AppUITests */,
				ACCAD3E72D37D10500A26002 /* Products */,
				FC690D292DD4A4300006E601 /* Recovered References */,
			);
			sourceTree = "<group>";
		};
		ACCAD3E72D37D10500A26002 /* Products */ = {
			isa = PBXGroup;
			children = (
				ACCAD3E62D37D10500A26002 /* SnapTask.app */,
				ACCAD3F62D37D10600A26002 /* SnapTaskTests.xctest */,
				ACCAD4002D37D10600A26002 /* SnapTaskUITests.xctest */,
				FC6909662DD49BDF0006E601 /* SnapTask Watch App Watch App.app */,
				FC6909722DD49BE00006E601 /* SnapTask Watch App Watch AppTests.xctest */,
				FC69097C2DD49BE00006E601 /* SnapTask Watch App Watch AppUITests.xctest */,
			);
			name = Products;
			sourceTree = "<group>";
		};
		FC690D292DD4A4300006E601 /* Recovered References */ = {
			isa = PBXGroup;
			children = (
				FC690B772DD4A0DA0006E601 /* QuoteService.swift */,
			);
			name = "Recovered References";
			sourceTree = "<group>";
		};
/* End PBXGroup section */

/* Begin PBXNativeTarget section */
		ACCAD3E52D37D10500A26002 /* SnapTask */ = {
			isa = PBXNativeTarget;
			buildConfigurationList = ACCAD40A2D37D10600A26002 /* Build configuration list for PBXNativeTarget "SnapTask" */;
			buildPhases = (
				ACCAD3E22D37D10500A26002 /* Sources */,
				ACCAD3E32D37D10500A26002 /* Frameworks */,
				ACCAD3E42D37D10500A26002 /* Resources */,
				FC6909872DD49BE00006E601 /* Embed Watch Content */,
			);
			buildRules = (
			);
			dependencies = (
				FC6909852DD49BE00006E601 /* PBXTargetDependency */,
			);
			fileSystemSynchronizedGroups = (
				ACCAD3E82D37D10500A26002 /* SnapTask */,
			);
			name = SnapTask;
			packageProductDependencies = (
				FCDA68122DE77241008D5566 /* FirebaseAuth */,
				FCDA68142DE77241008D5566 /* FirebaseFirestore */,
				FCA65A5D2DEC897F002B31B0 /* FirebaseCore */,
			);
			productName = SnapTask;
			productReference = ACCAD3E62D37D10500A26002 /* SnapTask.app */;
			productType = "com.apple.product-type.application";
		};
		ACCAD3F52D37D10600A26002 /* SnapTaskTests */ = {
			isa = PBXNativeTarget;
			buildConfigurationList = ACCAD40D2D37D10600A26002 /* Build configuration list for PBXNativeTarget "SnapTaskTests" */;
			buildPhases = (
				ACCAD3F22D37D10600A26002 /* Sources */,
				ACCAD3F32D37D10600A26002 /* Frameworks */,
				ACCAD3F42D37D10600A26002 /* Resources */,
			);
			buildRules = (
			);
			dependencies = (
				ACCAD3F82D37D10600A26002 /* PBXTargetDependency */,
			);
			fileSystemSynchronizedGroups = (
				ACCAD3F92D37D10600A26002 /* SnapTaskTests */,
			);
			name = SnapTaskTests;
			packageProductDependencies = (
			);
			productName = SnapTaskTests;
			productReference = ACCAD3F62D37D10600A26002 /* SnapTaskTests.xctest */;
			productType = "com.apple.product-type.bundle.unit-test";
		};
		ACCAD3FF2D37D10600A26002 /* SnapTaskUITests */ = {
			isa = PBXNativeTarget;
			buildConfigurationList = ACCAD4102D37D10600A26002 /* Build configuration list for PBXNativeTarget "SnapTaskUITests" */;
			buildPhases = (
				ACCAD3FC2D37D10600A26002 /* Sources */,
				ACCAD3FD2D37D10600A26002 /* Frameworks */,
				ACCAD3FE2D37D10600A26002 /* Resources */,
			);
			buildRules = (
			);
			dependencies = (
				ACCAD4022D37D10600A26002 /* PBXTargetDependency */,
			);
			fileSystemSynchronizedGroups = (
				ACCAD4032D37D10600A26002 /* SnapTaskUITests */,
			);
			name = SnapTaskUITests;
			packageProductDependencies = (
			);
			productName = SnapTaskUITests;
			productReference = ACCAD4002D37D10600A26002 /* SnapTaskUITests.xctest */;
			productType = "com.apple.product-type.bundle.ui-testing";
		};
		FC6909652DD49BDF0006E601 /* SnapTask Watch App Watch App */ = {
			isa = PBXNativeTarget;
			buildConfigurationList = FC69098E2DD49BE00006E601 /* Build configuration list for PBXNativeTarget "SnapTask Watch App Watch App" */;
			buildPhases = (
				FC6909622DD49BDF0006E601 /* Sources */,
				FC6909632DD49BDF0006E601 /* Frameworks */,
				FC6909642DD49BDF0006E601 /* Resources */,
			);
			buildRules = (
			);
			dependencies = (
			);
			fileSystemSynchronizedGroups = (
				FC6909672DD49BDF0006E601 /* SnapTask Watch App Watch App */,
			);
			name = "SnapTask Watch App Watch App";
			packageProductDependencies = (
			);
			productName = "SnapTask Watch App Watch App";
			productReference = FC6909662DD49BDF0006E601 /* SnapTask Watch App Watch App.app */;
			productType = "com.apple.product-type.application";
		};
		FC6909712DD49BE00006E601 /* SnapTask Watch App Watch AppTests */ = {
			isa = PBXNativeTarget;
			buildConfigurationList = FC69098F2DD49BE00006E601 /* Build configuration list for PBXNativeTarget "SnapTask Watch App Watch AppTests" */;
			buildPhases = (
				FC69096E2DD49BE00006E601 /* Sources */,
				FC69096F2DD49BE00006E601 /* Frameworks */,
				FC6909702DD49BE00006E601 /* Resources */,
			);
			buildRules = (
			);
			dependencies = (
				FC6909742DD49BE00006E601 /* PBXTargetDependency */,
			);
			fileSystemSynchronizedGroups = (
				FC6909752DD49BE00006E601 /* SnapTask Watch App Watch AppTests */,
			);
			name = "SnapTask Watch App Watch AppTests";
			packageProductDependencies = (
			);
			productName = "SnapTask Watch App Watch AppTests";
			productReference = FC6909722DD49BE00006E601 /* SnapTask Watch App Watch AppTests.xctest */;
			productType = "com.apple.product-type.bundle.unit-test";
		};
		FC69097B2DD49BE00006E601 /* SnapTask Watch App Watch AppUITests */ = {
			isa = PBXNativeTarget;
			buildConfigurationList = FC6909902DD49BE00006E601 /* Build configuration list for PBXNativeTarget "SnapTask Watch App Watch AppUITests" */;
			buildPhases = (
				FC6909782DD49BE00006E601 /* Sources */,
				FC6909792DD49BE00006E601 /* Frameworks */,
				FC69097A2DD49BE00006E601 /* Resources */,
			);
			buildRules = (
			);
			dependencies = (
				FC69097E2DD49BE00006E601 /* PBXTargetDependency */,
			);
			fileSystemSynchronizedGroups = (
				FC69097F2DD49BE00006E601 /* SnapTask Watch App Watch AppUITests */,
			);
			name = "SnapTask Watch App Watch AppUITests";
			packageProductDependencies = (
			);
			productName = "SnapTask Watch App Watch AppUITests";
			productReference = FC69097C2DD49BE00006E601 /* SnapTask Watch App Watch AppUITests.xctest */;
			productType = "com.apple.product-type.bundle.ui-testing";
		};
/* End PBXNativeTarget section */

/* Begin PBXProject section */
		ACCAD3DE2D37D10500A26002 /* Project object */ = {
			isa = PBXProject;
			attributes = {
				BuildIndependentTargetsInParallel = 1;
				LastSwiftUpdateCheck = 1630;
				LastUpgradeCheck = 1630;
				TargetAttributes = {
					ACCAD3E52D37D10500A26002 = {
						CreatedOnToolsVersion = 16.2;
					};
					ACCAD3F52D37D10600A26002 = {
						CreatedOnToolsVersion = 16.2;
						TestTargetID = ACCAD3E52D37D10500A26002;
					};
					ACCAD3FF2D37D10600A26002 = {
						CreatedOnToolsVersion = 16.2;
						TestTargetID = ACCAD3E52D37D10500A26002;
					};
					FC6909652DD49BDF0006E601 = {
						CreatedOnToolsVersion = 16.3;
					};
					FC6909712DD49BE00006E601 = {
						CreatedOnToolsVersion = 16.3;
						TestTargetID = FC6909652DD49BDF0006E601;
					};
					FC69097B2DD49BE00006E601 = {
						CreatedOnToolsVersion = 16.3;
						TestTargetID = FC6909652DD49BDF0006E601;
					};
				};
			};
			buildConfigurationList = ACCAD3E12D37D10500A26002 /* Build configuration list for PBXProject "SnapTask" */;
			developmentRegion = en;
			hasScannedForEncodings = 0;
			knownRegions = (
				en,
				Base,
				it,
			);
			mainGroup = ACCAD3DD2D37D10500A26002;
			minimizedProjectReferenceProxies = 1;
			packageReferences = (
				FCDA68112DE77241008D5566 /* XCRemoteSwiftPackageReference "firebase-ios-sdk" */,
			);
			preferredProjectObjectVersion = 77;
			productRefGroup = ACCAD3E72D37D10500A26002 /* Products */;
			projectDirPath = "";
			projectRoot = "";
			targets = (
				ACCAD3E52D37D10500A26002 /* SnapTask */,
				ACCAD3F52D37D10600A26002 /* SnapTaskTests */,
				ACCAD3FF2D37D10600A26002 /* SnapTaskUITests */,
				FC6909652DD49BDF0006E601 /* SnapTask Watch App Watch App */,
				FC6909712DD49BE00006E601 /* SnapTask Watch App Watch AppTests */,
				FC69097B2DD49BE00006E601 /* SnapTask Watch App Watch AppUITests */,
			);
		};
/* End PBXProject section */

/* Begin PBXResourcesBuildPhase section */
		ACCAD3E42D37D10500A26002 /* Resources */ = {
			isa = PBXResourcesBuildPhase;
			buildActionMask = 2147483647;
			files = (
			);
			runOnlyForDeploymentPostprocessing = 0;
		};
		ACCAD3F42D37D10600A26002 /* Resources */ = {
			isa = PBXResourcesBuildPhase;
			buildActionMask = 2147483647;
			files = (
			);
			runOnlyForDeploymentPostprocessing = 0;
		};
		ACCAD3FE2D37D10600A26002 /* Resources */ = {
			isa = PBXResourcesBuildPhase;
			buildActionMask = 2147483647;
			files = (
			);
			runOnlyForDeploymentPostprocessing = 0;
		};
		FC6909642DD49BDF0006E601 /* Resources */ = {
			isa = PBXResourcesBuildPhase;
			buildActionMask = 2147483647;
			files = (
			);
			runOnlyForDeploymentPostprocessing = 0;
		};
		FC6909702DD49BE00006E601 /* Resources */ = {
			isa = PBXResourcesBuildPhase;
			buildActionMask = 2147483647;
			files = (
			);
			runOnlyForDeploymentPostprocessing = 0;
		};
		FC69097A2DD49BE00006E601 /* Resources */ = {
			isa = PBXResourcesBuildPhase;
			buildActionMask = 2147483647;
			files = (
			);
			runOnlyForDeploymentPostprocessing = 0;
		};
/* End PBXResourcesBuildPhase section */

/* Begin PBXSourcesBuildPhase section */
		ACCAD3E22D37D10500A26002 /* Sources */ = {
			isa = PBXSourcesBuildPhase;
			buildActionMask = 2147483647;
			files = (
			);
			runOnlyForDeploymentPostprocessing = 0;
		};
		ACCAD3F22D37D10600A26002 /* Sources */ = {
			isa = PBXSourcesBuildPhase;
			buildActionMask = 2147483647;
			files = (
			);
			runOnlyForDeploymentPostprocessing = 0;
		};
		ACCAD3FC2D37D10600A26002 /* Sources */ = {
			isa = PBXSourcesBuildPhase;
			buildActionMask = 2147483647;
			files = (
			);
			runOnlyForDeploymentPostprocessing = 0;
		};
		FC6909622DD49BDF0006E601 /* Sources */ = {
			isa = PBXSourcesBuildPhase;
			buildActionMask = 2147483647;
			files = (
				FC690B782DD4A0DA0006E601 /* QuoteService.swift in Sources */,
			);
			runOnlyForDeploymentPostprocessing = 0;
		};
		FC69096E2DD49BE00006E601 /* Sources */ = {
			isa = PBXSourcesBuildPhase;
			buildActionMask = 2147483647;
			files = (
			);
			runOnlyForDeploymentPostprocessing = 0;
		};
		FC6909782DD49BE00006E601 /* Sources */ = {
			isa = PBXSourcesBuildPhase;
			buildActionMask = 2147483647;
			files = (
			);
			runOnlyForDeploymentPostprocessing = 0;
		};
/* End PBXSourcesBuildPhase section */

/* Begin PBXTargetDependency section */
		ACCAD3F82D37D10600A26002 /* PBXTargetDependency */ = {
			isa = PBXTargetDependency;
			target = ACCAD3E52D37D10500A26002 /* SnapTask */;
			targetProxy = ACCAD3F72D37D10600A26002 /* PBXContainerItemProxy */;
		};
		ACCAD4022D37D10600A26002 /* PBXTargetDependency */ = {
			isa = PBXTargetDependency;
			target = ACCAD3E52D37D10500A26002 /* SnapTask */;
			targetProxy = ACCAD4012D37D10600A26002 /* PBXContainerItemProxy */;
		};
		FC6909742DD49BE00006E601 /* PBXTargetDependency */ = {
			isa = PBXTargetDependency;
			target = FC6909652DD49BDF0006E601 /* SnapTask Watch App Watch App */;
			targetProxy = FC6909732DD49BE00006E601 /* PBXContainerItemProxy */;
		};
		FC69097E2DD49BE00006E601 /* PBXTargetDependency */ = {
			isa = PBXTargetDependency;
			target = FC6909652DD49BDF0006E601 /* SnapTask Watch App Watch App */;
			targetProxy = FC69097D2DD49BE00006E601 /* PBXContainerItemProxy */;
		};
		FC6909852DD49BE00006E601 /* PBXTargetDependency */ = {
			isa = PBXTargetDependency;
			target = FC6909652DD49BDF0006E601 /* SnapTask Watch App Watch App */;
			targetProxy = FC6909842DD49BE00006E601 /* PBXContainerItemProxy */;
		};
/* End PBXTargetDependency section */

/* Begin XCBuildConfiguration section */
		ACCAD4082D37D10600A26002 /* Debug */ = {
			isa = XCBuildConfiguration;
			buildSettings = {
				ALWAYS_SEARCH_USER_PATHS = NO;
				ASSETCATALOG_COMPILER_GENERATE_SWIFT_ASSET_SYMBOL_EXTENSIONS = YES;
				CLANG_ANALYZER_LOCALIZABILITY_NONLOCALIZED = YES;
				CLANG_ANALYZER_NONNULL = YES;
				CLANG_ANALYZER_NUMBER_OBJECT_CONVERSION = YES_AGGRESSIVE;
				CLANG_CXX_LANGUAGE_STANDARD = "gnu++20";
				CLANG_ENABLE_MODULES = YES;
				CLANG_ENABLE_OBJC_ARC = YES;
				CLANG_ENABLE_OBJC_WEAK = YES;
				CLANG_WARN_BLOCK_CAPTURE_AUTORELEASING = YES;
				CLANG_WARN_BOOL_CONVERSION = YES;
				CLANG_WARN_COMMA = YES;
				CLANG_WARN_CONSTANT_CONVERSION = YES;
				CLANG_WARN_DEPRECATED_OBJC_IMPLEMENTATIONS = YES;
				CLANG_WARN_DIRECT_OBJC_ISA_USAGE = YES_ERROR;
				CLANG_WARN_DOCUMENTATION_COMMENTS = YES;
				CLANG_WARN_EMPTY_BODY = YES;
				CLANG_WARN_ENUM_CONVERSION = YES;
				CLANG_WARN_INFINITE_RECURSION = YES;
				CLANG_WARN_INT_CONVERSION = YES;
				CLANG_WARN_NON_LITERAL_NULL_CONVERSION = YES;
				CLANG_WARN_OBJC_IMPLICIT_RETAIN_SELF = YES;
				CLANG_WARN_OBJC_LITERAL_CONVERSION = YES;
				CLANG_WARN_OBJC_ROOT_CLASS = YES_ERROR;
				CLANG_WARN_QUOTED_INCLUDE_IN_FRAMEWORK_HEADER = YES;
				CLANG_WARN_RANGE_LOOP_ANALYSIS = YES;
				CLANG_WARN_STRICT_PROTOTYPES = YES;
				CLANG_WARN_SUSPICIOUS_MOVE = YES;
				CLANG_WARN_UNGUARDED_AVAILABILITY = YES_AGGRESSIVE;
				CLANG_WARN_UNREACHABLE_CODE = YES;
				CLANG_WARN__DUPLICATE_METHOD_MATCH = YES;
				COPY_PHASE_STRIP = NO;
				DEBUG_INFORMATION_FORMAT = dwarf;
				DEVELOPMENT_TEAM = Y997848SS8;
				ENABLE_STRICT_OBJC_MSGSEND = YES;
				ENABLE_TESTABILITY = YES;
				ENABLE_USER_SCRIPT_SANDBOXING = YES;
				GCC_C_LANGUAGE_STANDARD = gnu17;
				GCC_DYNAMIC_NO_PIC = NO;
				GCC_NO_COMMON_BLOCKS = YES;
				GCC_OPTIMIZATION_LEVEL = 0;
				GCC_PREPROCESSOR_DEFINITIONS = (
					"DEBUG=1",
					"$(inherited)",
				);
				GCC_WARN_64_TO_32_BIT_CONVERSION = YES;
				GCC_WARN_ABOUT_RETURN_TYPE = YES_ERROR;
				GCC_WARN_UNDECLARED_SELECTOR = YES;
				GCC_WARN_UNINITIALIZED_AUTOS = YES_AGGRESSIVE;
				GCC_WARN_UNUSED_FUNCTION = YES;
				GCC_WARN_UNUSED_VARIABLE = YES;
				IPHONEOS_DEPLOYMENT_TARGET = 18.2;
				LOCALIZATION_PREFERS_STRING_CATALOGS = YES;
				MTL_ENABLE_DEBUG_INFO = INCLUDE_SOURCE;
				MTL_FAST_MATH = YES;
				ONLY_ACTIVE_ARCH = YES;
				SDKROOT = iphoneos;
				SWIFT_ACTIVE_COMPILATION_CONDITIONS = "DEBUG $(inherited)";
				SWIFT_OPTIMIZATION_LEVEL = "-Onone";
			};
			name = Debug;
		};
		ACCAD4092D37D10600A26002 /* Release */ = {
			isa = XCBuildConfiguration;
			buildSettings = {
				ALWAYS_SEARCH_USER_PATHS = NO;
				ASSETCATALOG_COMPILER_GENERATE_SWIFT_ASSET_SYMBOL_EXTENSIONS = YES;
				CLANG_ANALYZER_LOCALIZABILITY_NONLOCALIZED = YES;
				CLANG_ANALYZER_NONNULL = YES;
				CLANG_ANALYZER_NUMBER_OBJECT_CONVERSION = YES_AGGRESSIVE;
				CLANG_CXX_LANGUAGE_STANDARD = "gnu++20";
				CLANG_ENABLE_MODULES = YES;
				CLANG_ENABLE_OBJC_ARC = YES;
				CLANG_ENABLE_OBJC_WEAK = YES;
				CLANG_WARN_BLOCK_CAPTURE_AUTORELEASING = YES;
				CLANG_WARN_BOOL_CONVERSION = YES;
				CLANG_WARN_COMMA = YES;
				CLANG_WARN_CONSTANT_CONVERSION = YES;
				CLANG_WARN_DEPRECATED_OBJC_IMPLEMENTATIONS = YES;
				CLANG_WARN_DIRECT_OBJC_ISA_USAGE = YES_ERROR;
				CLANG_WARN_DOCUMENTATION_COMMENTS = YES;
				CLANG_WARN_EMPTY_BODY = YES;
				CLANG_WARN_ENUM_CONVERSION = YES;
				CLANG_WARN_INFINITE_RECURSION = YES;
				CLANG_WARN_INT_CONVERSION = YES;
				CLANG_WARN_NON_LITERAL_NULL_CONVERSION = YES;
				CLANG_WARN_OBJC_IMPLICIT_RETAIN_SELF = YES;
				CLANG_WARN_OBJC_LITERAL_CONVERSION = YES;
				CLANG_WARN_OBJC_ROOT_CLASS = YES_ERROR;
				CLANG_WARN_QUOTED_INCLUDE_IN_FRAMEWORK_HEADER = YES;
				CLANG_WARN_RANGE_LOOP_ANALYSIS = YES;
				CLANG_WARN_STRICT_PROTOTYPES = YES;
				CLANG_WARN_SUSPICIOUS_MOVE = YES;
				CLANG_WARN_UNGUARDED_AVAILABILITY = YES_AGGRESSIVE;
				CLANG_WARN_UNREACHABLE_CODE = YES;
				CLANG_WARN__DUPLICATE_METHOD_MATCH = YES;
				COPY_PHASE_STRIP = NO;
				DEBUG_INFORMATION_FORMAT = "dwarf-with-dsym";
				DEVELOPMENT_TEAM = Y997848SS8;
				ENABLE_NS_ASSERTIONS = NO;
				ENABLE_STRICT_OBJC_MSGSEND = YES;
				ENABLE_USER_SCRIPT_SANDBOXING = YES;
				GCC_C_LANGUAGE_STANDARD = gnu17;
				GCC_NO_COMMON_BLOCKS = YES;
				GCC_WARN_64_TO_32_BIT_CONVERSION = YES;
				GCC_WARN_ABOUT_RETURN_TYPE = YES_ERROR;
				GCC_WARN_UNDECLARED_SELECTOR = YES;
				GCC_WARN_UNINITIALIZED_AUTOS = YES_AGGRESSIVE;
				GCC_WARN_UNUSED_FUNCTION = YES;
				GCC_WARN_UNUSED_VARIABLE = YES;
				IPHONEOS_DEPLOYMENT_TARGET = 18.2;
				LOCALIZATION_PREFERS_STRING_CATALOGS = YES;
				MTL_ENABLE_DEBUG_INFO = NO;
				MTL_FAST_MATH = YES;
				SDKROOT = iphoneos;
				SWIFT_COMPILATION_MODE = wholemodule;
				VALIDATE_PRODUCT = YES;
			};
			name = Release;
		};
		ACCAD40B2D37D10600A26002 /* Debug */ = {
			isa = XCBuildConfiguration;
			buildSettings = {
				ASSETCATALOG_COMPILER_APPICON_NAME = AppIcon;
				ASSETCATALOG_COMPILER_GLOBAL_ACCENT_COLOR_NAME = AccentColor;
				CODE_SIGN_ENTITLEMENTS = SnapTask/SnapTask.entitlements;
				CODE_SIGN_STYLE = Automatic;
				CURRENT_PROJECT_VERSION = 1;
				DEVELOPMENT_ASSET_PATHS = "\"SnapTask/Preview Content\"";
				DEVELOPMENT_TEAM = Y997848SS8;
				ENABLE_PREVIEWS = YES;
				GENERATE_INFOPLIST_FILE = YES;
				INFOPLIST_FILE = SnapTask/Info.plist;
				INFOPLIST_KEY_CFBundleDevelopmentRegion = en;
				INFOPLIST_KEY_CFBundleLocalizations = "en it";
				INFOPLIST_KEY_NSRemindersUsageDescription = "SnapTask needs write access to your calendar to create and update calendar events for your tasks";
				INFOPLIST_KEY_UIApplicationSceneManifest_Generation = YES;
				INFOPLIST_KEY_UIApplicationSupportsIndirectInputEvents = YES;
				INFOPLIST_KEY_UILaunchScreen_Generation = YES;
				INFOPLIST_KEY_UISupportedInterfaceOrientations_iPad = "UIInterfaceOrientationPortrait UIInterfaceOrientationPortraitUpsideDown UIInterfaceOrientationLandscapeLeft UIInterfaceOrientationLandscapeRight";
				INFOPLIST_KEY_UISupportedInterfaceOrientations_iPhone = "UIInterfaceOrientationPortrait UIInterfaceOrientationLandscapeLeft UIInterfaceOrientationLandscapeRight";
				LD_RUNPATH_SEARCH_PATHS = (
					"$(inherited)",
					"@executable_path/Frameworks",
				);
				MARKETING_VERSION = 0.1;
				PRODUCT_BUNDLE_IDENTIFIER = com.giovanniamadei.SnapTask;
				PRODUCT_NAME = "$(TARGET_NAME)";
				SWIFT_EMIT_LOC_STRINGS = YES;
				SWIFT_VERSION = 5.0;
				TARGETED_DEVICE_FAMILY = "1,2";
			};
			name = Debug;
		};
		ACCAD40C2D37D10600A26002 /* Release */ = {
			isa = XCBuildConfiguration;
			buildSettings = {
				ASSETCATALOG_COMPILER_APPICON_NAME = AppIcon;
				ASSETCATALOG_COMPILER_GLOBAL_ACCENT_COLOR_NAME = AccentColor;
				CODE_SIGN_ENTITLEMENTS = SnapTask/SnapTask.entitlements;
				CODE_SIGN_STYLE = Automatic;
				CURRENT_PROJECT_VERSION = 1;
				DEVELOPMENT_ASSET_PATHS = "\"SnapTask/Preview Content\"";
				DEVELOPMENT_TEAM = Y997848SS8;
				ENABLE_PREVIEWS = YES;
				GENERATE_INFOPLIST_FILE = YES;
				INFOPLIST_FILE = SnapTask/Info.plist;
				INFOPLIST_KEY_CFBundleDevelopmentRegion = en;
				INFOPLIST_KEY_CFBundleLocalizations = "en it";
				INFOPLIST_KEY_NSRemindersUsageDescription = "SnapTask needs write access to your calendar to create and update calendar events for your tasks";
				INFOPLIST_KEY_UIApplicationSceneManifest_Generation = YES;
				INFOPLIST_KEY_UIApplicationSupportsIndirectInputEvents = YES;
				INFOPLIST_KEY_UILaunchScreen_Generation = YES;
				INFOPLIST_KEY_UISupportedInterfaceOrientations_iPad = "UIInterfaceOrientationPortrait UIInterfaceOrientationPortraitUpsideDown UIInterfaceOrientationLandscapeLeft UIInterfaceOrientationLandscapeRight";
				INFOPLIST_KEY_UISupportedInterfaceOrientations_iPhone = "UIInterfaceOrientationPortrait UIInterfaceOrientationLandscapeLeft UIInterfaceOrientationLandscapeRight";
				LD_RUNPATH_SEARCH_PATHS = (
					"$(inherited)",
					"@executable_path/Frameworks",
				);
				MARKETING_VERSION = 0.1;
				PRODUCT_BUNDLE_IDENTIFIER = com.giovanniamadei.SnapTask;
				PRODUCT_NAME = "$(TARGET_NAME)";
				SWIFT_EMIT_LOC_STRINGS = YES;
				SWIFT_VERSION = 5.0;
				TARGETED_DEVICE_FAMILY = "1,2";
			};
			name = Release;
		};
		ACCAD40E2D37D10600A26002 /* Debug */ = {
			isa = XCBuildConfiguration;
			buildSettings = {
				BUNDLE_LOADER = "$(TEST_HOST)";
				CODE_SIGN_STYLE = Automatic;
				CURRENT_PROJECT_VERSION = 1;
				GENERATE_INFOPLIST_FILE = YES;
				IPHONEOS_DEPLOYMENT_TARGET = 18.2;
				MARKETING_VERSION = 1.0;
				PRODUCT_BUNDLE_IDENTIFIER = com.giovanniamadei.SnapTaskTests;
				PRODUCT_NAME = "$(TARGET_NAME)";
				SWIFT_EMIT_LOC_STRINGS = NO;
				SWIFT_VERSION = 5.0;
				TARGETED_DEVICE_FAMILY = "1,2";
				TEST_HOST = "$(BUILT_PRODUCTS_DIR)/SnapTask.app/$(BUNDLE_EXECUTABLE_FOLDER_PATH)/SnapTask";
			};
			name = Debug;
		};
		ACCAD40F2D37D10600A26002 /* Release */ = {
			isa = XCBuildConfiguration;
			buildSettings = {
				BUNDLE_LOADER = "$(TEST_HOST)";
				CODE_SIGN_STYLE = Automatic;
				CURRENT_PROJECT_VERSION = 1;
				GENERATE_INFOPLIST_FILE = YES;
				IPHONEOS_DEPLOYMENT_TARGET = 18.2;
				MARKETING_VERSION = 1.0;
				PRODUCT_BUNDLE_IDENTIFIER = com.giovanniamadei.SnapTaskTests;
				PRODUCT_NAME = "$(TARGET_NAME)";
				SWIFT_EMIT_LOC_STRINGS = NO;
				SWIFT_VERSION = 5.0;
				TARGETED_DEVICE_FAMILY = "1,2";
				TEST_HOST = "$(BUILT_PRODUCTS_DIR)/SnapTask.app/$(BUNDLE_EXECUTABLE_FOLDER_PATH)/SnapTask";
			};
			name = Release;
		};
		ACCAD4112D37D10600A26002 /* Debug */ = {
			isa = XCBuildConfiguration;
			buildSettings = {
				CODE_SIGN_STYLE = Automatic;
				CURRENT_PROJECT_VERSION = 1;
				GENERATE_INFOPLIST_FILE = YES;
				MARKETING_VERSION = 1.0;
				PRODUCT_BUNDLE_IDENTIFIER = com.giovanniamadei.SnapTaskUITests;
				PRODUCT_NAME = "$(TARGET_NAME)";
				SWIFT_EMIT_LOC_STRINGS = NO;
				SWIFT_VERSION = 5.0;
				TARGETED_DEVICE_FAMILY = "1,2";
				TEST_TARGET_NAME = SnapTask;
			};
			name = Debug;
		};
		ACCAD4122D37D10600A26002 /* Release */ = {
			isa = XCBuildConfiguration;
			buildSettings = {
				CODE_SIGN_STYLE = Automatic;
				CURRENT_PROJECT_VERSION = 1;
				GENERATE_INFOPLIST_FILE = YES;
				MARKETING_VERSION = 1.0;
				PRODUCT_BUNDLE_IDENTIFIER = com.giovanniamadei.SnapTaskUITests;
				PRODUCT_NAME = "$(TARGET_NAME)";
				SWIFT_EMIT_LOC_STRINGS = NO;
				SWIFT_VERSION = 5.0;
				TARGETED_DEVICE_FAMILY = "1,2";
				TEST_TARGET_NAME = SnapTask;
			};
			name = Release;
		};
		FC6909882DD49BE00006E601 /* Debug */ = {
			isa = XCBuildConfiguration;
			buildSettings = {
				ASSETCATALOG_COMPILER_APPICON_NAME = AppIcon;
				ASSETCATALOG_COMPILER_GLOBAL_ACCENT_COLOR_NAME = AccentColor;
				CODE_SIGN_ENTITLEMENTS = "SnapTask Watch App Watch App/SnapTask Watch App Watch App.entitlements";
				CODE_SIGN_STYLE = Automatic;
				CURRENT_PROJECT_VERSION = 1;
				DEVELOPMENT_TEAM = Y997848SS8;
				ENABLE_PREVIEWS = YES;
				GENERATE_INFOPLIST_FILE = YES;
				INFOPLIST_KEY_CFBundleDisplayName = "SnapTask Watch App";
				INFOPLIST_KEY_UISupportedInterfaceOrientations = "UIInterfaceOrientationPortrait UIInterfaceOrientationPortraitUpsideDown";
				INFOPLIST_KEY_WKCompanionAppBundleIdentifier = com.giovanniamadei.SnapTask;
				INFOPLIST_KEY_WKRunsIndependentlyOfCompanionApp = NO;
				LD_RUNPATH_SEARCH_PATHS = (
					"$(inherited)",
					"@executable_path/Frameworks",
				);
				MARKETING_VERSION = 1.0;
				PRODUCT_BUNDLE_IDENTIFIER = com.giovanniamadei.SnapTask.watchkitapp;
				PRODUCT_NAME = "$(TARGET_NAME)";
				SDKROOT = watchos;
				SKIP_INSTALL = YES;
				SWIFT_EMIT_LOC_STRINGS = YES;
				SWIFT_VERSION = 5.0;
				TARGETED_DEVICE_FAMILY = 4;
				WATCHOS_DEPLOYMENT_TARGET = 11.4;
			};
			name = Debug;
		};
		FC6909892DD49BE00006E601 /* Release */ = {
			isa = XCBuildConfiguration;
			buildSettings = {
				ASSETCATALOG_COMPILER_APPICON_NAME = AppIcon;
				ASSETCATALOG_COMPILER_GLOBAL_ACCENT_COLOR_NAME = AccentColor;
				CODE_SIGN_ENTITLEMENTS = "SnapTask Watch App Watch App/SnapTask Watch App Watch App.entitlements";
				CODE_SIGN_STYLE = Automatic;
				CURRENT_PROJECT_VERSION = 1;
				DEVELOPMENT_TEAM = Y997848SS8;
				ENABLE_PREVIEWS = YES;
				GENERATE_INFOPLIST_FILE = YES;
				INFOPLIST_KEY_CFBundleDisplayName = "SnapTask Watch App";
				INFOPLIST_KEY_UISupportedInterfaceOrientations = "UIInterfaceOrientationPortrait UIInterfaceOrientationPortraitUpsideDown";
				INFOPLIST_KEY_WKCompanionAppBundleIdentifier = com.giovanniamadei.SnapTask;
				INFOPLIST_KEY_WKRunsIndependentlyOfCompanionApp = NO;
				LD_RUNPATH_SEARCH_PATHS = (
					"$(inherited)",
					"@executable_path/Frameworks",
				);
				MARKETING_VERSION = 1.0;
				PRODUCT_BUNDLE_IDENTIFIER = com.giovanniamadei.SnapTask.watchkitapp;
				PRODUCT_NAME = "$(TARGET_NAME)";
				SDKROOT = watchos;
				SKIP_INSTALL = YES;
				SWIFT_EMIT_LOC_STRINGS = YES;
				SWIFT_VERSION = 5.0;
				TARGETED_DEVICE_FAMILY = 4;
				WATCHOS_DEPLOYMENT_TARGET = 11.4;
			};
			name = Release;
		};
		FC69098A2DD49BE00006E601 /* Debug */ = {
			isa = XCBuildConfiguration;
			buildSettings = {
				BUNDLE_LOADER = "$(TEST_HOST)";
				CODE_SIGN_STYLE = Automatic;
				CURRENT_PROJECT_VERSION = 1;
				DEVELOPMENT_TEAM = Y997848SS8;
				GENERATE_INFOPLIST_FILE = YES;
				MARKETING_VERSION = 1.0;
				PRODUCT_BUNDLE_IDENTIFIER = "com.giovanniamadei.SnapTask.watchkitapp.SnapTask-Watch-App-Watch-AppTests";
				PRODUCT_NAME = "$(TARGET_NAME)";
				SDKROOT = watchos;
				SWIFT_EMIT_LOC_STRINGS = NO;
				SWIFT_VERSION = 5.0;
				TARGETED_DEVICE_FAMILY = 4;
				TEST_HOST = "$(BUILT_PRODUCTS_DIR)/SnapTask Watch App Watch App.app/$(BUNDLE_EXECUTABLE_FOLDER_PATH)/SnapTask Watch App Watch App";
				WATCHOS_DEPLOYMENT_TARGET = 11.4;
			};
			name = Debug;
		};
		FC69098B2DD49BE00006E601 /* Release */ = {
			isa = XCBuildConfiguration;
			buildSettings = {
				BUNDLE_LOADER = "$(TEST_HOST)";
				CODE_SIGN_STYLE = Automatic;
				CURRENT_PROJECT_VERSION = 1;
				DEVELOPMENT_TEAM = Y997848SS8;
				GENERATE_INFOPLIST_FILE = YES;
				MARKETING_VERSION = 1.0;
				PRODUCT_BUNDLE_IDENTIFIER = "com.giovanniamadei.SnapTask.watchkitapp.SnapTask-Watch-App-Watch-AppTests";
				PRODUCT_NAME = "$(TARGET_NAME)";
				SDKROOT = watchos;
				SWIFT_EMIT_LOC_STRINGS = NO;
				SWIFT_VERSION = 5.0;
				TARGETED_DEVICE_FAMILY = 4;
				TEST_HOST = "$(BUILT_PRODUCTS_DIR)/SnapTask Watch App Watch App.app/$(BUNDLE_EXECUTABLE_FOLDER_PATH)/SnapTask Watch App Watch App";
				WATCHOS_DEPLOYMENT_TARGET = 11.4;
			};
			name = Release;
		};
		FC69098C2DD49BE00006E601 /* Debug */ = {
			isa = XCBuildConfiguration;
			buildSettings = {
				ASSETCATALOG_COMPILER_APPICON_NAME = AppIcon;
				ASSETCATALOG_COMPILER_GLOBAL_ACCENT_COLOR_NAME = AccentColor;
				CODE_SIGN_STYLE = Automatic;
				CURRENT_PROJECT_VERSION = 1;
				DEBUG_INFORMATION_FORMAT = dwarf;
				DEVELOPMENT_TEAM = Y997848SS8;
				GENERATE_INFOPLIST_FILE = NO;
				INFOPLIST_FILE = "SnapTask Watch App Watch App/Info.plist";
				LD_RUNPATH_SEARCH_PATHS = (
					"$(inherited)",
					"@executable_path/Frameworks",
				);
				MARKETING_VERSION = 1.0;
				PRODUCT_BUNDLE_IDENTIFIER = com.giovanniamadei.SnapTask.watchkitapp;
				PRODUCT_NAME = "$(TARGET_NAME)";
				SDKROOT = watchos;
				SWIFT_EMIT_LOC_STRINGS = NO;
				SWIFT_OPTIMIZATION_LEVEL = "-Onone";
				SWIFT_VERSION = 5.0;
				TARGETED_DEVICE_FAMILY = 4;
				WATCHOS_DEPLOYMENT_TARGET = 10.5;
			};
			name = Debug;
		};
		FC69098D2DD49BE00006E601 /* Release */ = {
			isa = XCBuildConfiguration;
			buildSettings = {
				ASSETCATALOG_COMPILER_APPICON_NAME = AppIcon;
				ASSETCATALOG_COMPILER_GLOBAL_ACCENT_COLOR_NAME = AccentColor;
				CODE_SIGN_STYLE = Automatic;
				CURRENT_PROJECT_VERSION = 1;
				DEBUG_INFORMATION_FORMAT = "dwarf-with-dsym";
				DEVELOPMENT_TEAM = Y997848SS8;
				GENERATE_INFOPLIST_FILE = NO;
				INFOPLIST_FILE = "SnapTask Watch App Watch App/Info.plist";
				LD_RUNPATH_SEARCH_PATHS = (
					"$(inherited)",
					"@executable_path/Frameworks",
				);
				MARKETING_VERSION = 1.0;
				PRODUCT_BUNDLE_IDENTIFIER = com.giovanniamadei.SnapTask.watchkitapp;
				PRODUCT_NAME = "$(TARGET_NAME)";
				SDKROOT = watchos;
				SKIP_INSTALL = YES;
				SWIFT_EMIT_LOC_STRINGS = NO;
				SWIFT_VERSION = 5.0;
				TARGETED_DEVICE_FAMILY = 4;
				TEST_TARGET_NAME = "SnapTask Watch App Watch App";
				WATCHOS_DEPLOYMENT_TARGET = 10.5;
			};
			name = Release;
		};
/* End XCBuildConfiguration section */

/* Begin XCConfigurationList section */
		ACCAD3E12D37D10500A26002 /* Build configuration list for PBXProject "SnapTask" */ = {
			isa = XCConfigurationList;
			buildConfigurations = (
				ACCAD4082D37D10600A26002 /* Debug */,
				ACCAD4092D37D10600A26002 /* Release */,
			);
			defaultConfigurationIsVisible = 0;
			defaultConfigurationName = Release;
		};
		ACCAD40A2D37D10600A26002 /* Build configuration list for PBXNativeTarget "SnapTask" */ = {
			isa = XCConfigurationList;
			buildConfigurations = (
				ACCAD40B2D37D10600A26002 /* Debug */,
				ACCAD40C2D37D10600A26002 /* Release */,
			);
			defaultConfigurationIsVisible = 0;
			defaultConfigurationName = Release;
		};
		ACCAD40D2D37D10600A26002 /* Build configuration list for PBXNativeTarget "SnapTaskTests" */ = {
			isa = XCConfigurationList;
			buildConfigurations = (
				ACCAD40E2D37D10600A26002 /* Debug */,
				ACCAD40F2D37D10600A26002 /* Release */,
			);
			defaultConfigurationIsVisible = 0;
			defaultConfigurationName = Release;
		};
		ACCAD4102D37D10600A26002 /* Build configuration list for PBXNativeTarget "SnapTaskUITests" */ = {
			isa = XCConfigurationList;
			buildConfigurations = (
				ACCAD4112D37D10600A26002 /* Debug */,
				ACCAD4122D37D10600A26002 /* Release */,
			);
			defaultConfigurationIsVisible = 0;
			defaultConfigurationName = Release;
		};
		FC69098E2DD49BE00006E601 /* Build configuration list for PBXNativeTarget "SnapTask Watch App Watch App" */ = {
			isa = XCConfigurationList;
			buildConfigurations = (
				FC6909882DD49BE00006E601 /* Debug */,
				FC6909892DD49BE00006E601 /* Release */,
			);
			defaultConfigurationIsVisible = 0;
			defaultConfigurationName = Release;
		};
		FC69098F2DD49BE00006E601 /* Build configuration list for PBXNativeTarget "SnapTask Watch App Watch AppTests" */ = {
			isa = XCConfigurationList;
			buildConfigurations = (
				FC69098A2DD49BE00006E601 /* Debug */,
				FC69098B2DD49BE00006E601 /* Release */,
			);
			defaultConfigurationIsVisible = 0;
			defaultConfigurationName = Release;
		};
		FC6909902DD49BE00006E601 /* Build configuration list for PBXNativeTarget "SnapTask Watch App Watch AppUITests" */ = {
			isa = XCConfigurationList;
			buildConfigurations = (
				FC69098C2DD49BE00006E601 /* Debug */,
				FC69098D2DD49BE00006E601 /* Release */,
			);
			defaultConfigurationIsVisible = 0;
			defaultConfigurationName = Release;
		};
/* End XCConfigurationList section */

/* Begin XCRemoteSwiftPackageReference section */
		FCDA68112DE77241008D5566 /* XCRemoteSwiftPackageReference "firebase-ios-sdk" */ = {
			isa = XCRemoteSwiftPackageReference;
			repositoryURL = "https://github.com/firebase/firebase-ios-sdk";
			requirement = {
				kind = upToNextMajorVersion;
				minimumVersion = 11.13.0;
			};
		};
/* End XCRemoteSwiftPackageReference section */

/* Begin XCSwiftPackageProductDependency section */
		FCA65A5D2DEC897F002B31B0 /* FirebaseCore */ = {
			isa = XCSwiftPackageProductDependency;
			package = FCDA68112DE77241008D5566 /* XCRemoteSwiftPackageReference "firebase-ios-sdk" */;
			productName = FirebaseCore;
		};
		FCDA68122DE77241008D5566 /* FirebaseAuth */ = {
			isa = XCSwiftPackageProductDependency;
			package = FCDA68112DE77241008D5566 /* XCRemoteSwiftPackageReference "firebase-ios-sdk" */;
			productName = FirebaseAuth;
		};
		FCDA68142DE77241008D5566 /* FirebaseFirestore */ = {
			isa = XCSwiftPackageProductDependency;
			package = FCDA68112DE77241008D5566 /* XCRemoteSwiftPackageReference "firebase-ios-sdk" */;
			productName = FirebaseFirestore;
		};
/* End XCSwiftPackageProductDependency section */
	};
	rootObject = ACCAD3DE2D37D10500A26002 /* Project object */;
}
