// !$*UTF8*$!
{
	archiveVersion = 1;
	classes = {
	};
	objectVersion = 77;
	objects = {

/* Begin PBXBuildFile section */
		0134761044174BDDB535D8F4 /* FirebaseAuth in Frameworks */ = {isa = PBXBuildFile; productRef = B7E085D2B50B4B569093A98C /* FirebaseAuth */; };
		042E7BB3F32B6BFE3ED059BB /* SnapTaskWatchApp.swift in Sources */ = {isa = PBXBuildFile; fileRef = 31AB39FA0D2F119FAA1869BE /* SnapTaskWatchApp.swift */; };
		0BE586C27134AC324A8E0B34 /* Assets.xcassets in Resources */ = {isa = PBXBuildFile; fileRef = B9BF716A783B22D15350C77C /* Assets.xcassets */; };
		11C61B235E0DC94DB1DADCEC /* WatchTaskRowView.swift in Sources */ = {isa = PBXBuildFile; fileRef = AEFF3F759E2AE22E47AB58B2 /* WatchTaskRowView.swift */; };
		14800037C8C88C6304F7244C /* WatchTaskFormView.swift in Sources */ = {isa = PBXBuildFile; fileRef = DD3AF88BB0A55FDD0E348BA8 /* WatchTaskFormView.swift */; };
		1D7A28826641479EBF3A11B5 /* FirebaseCore in Frameworks */ = {isa = PBXBuildFile; productRef = C23D2A3E30904F0BBD78F8CE /* FirebaseCore */; };
		21394810EF463A349897E145 /* WatchSettingsView.swift in Sources */ = {isa = PBXBuildFile; fileRef = 8B8AFBC3F3EB1A56D3BBCCAE /* WatchSettingsView.swift */; };
		25D62C7DAC0213E37C3B25BF /* SharedModels.swift in Sources */ = {isa = PBXBuildFile; fileRef = 7E274607ABBB3F46643D988D /* SharedModels.swift */; };
		33B45E6634C1D5C6A33E0A88 /* WatchCloudKitManager.swift in Sources */ = {isa = PBXBuildFile; fileRef = 75176AF43B4BF342B079DCAE /* WatchCloudKitManager.swift */; };
		33EC2E3BD84B413C5FC966C3 /* WatchTimerSelectionView.swift in Sources */ = {isa = PBXBuildFile; fileRef = 4847793F87C09B67FBD980ED /* WatchTimerSelectionView.swift */; };
		37EE927FAEF015DAF18EDBBF /* WatchStatisticsView.swift in Sources */ = {isa = PBXBuildFile; fileRef = FF5CA577AB43145313B0F7CD /* WatchStatisticsView.swift */; };
		41ACAAE667FA0FCAA96E544D /* WatchRewardDetailView.swift in Sources */ = {isa = PBXBuildFile; fileRef = A96DFE4C0FDD34A72E24D2CF /* WatchRewardDetailView.swift */; };
		4CBA99743298491BAC054E58 /* FirebaseFirestore in Frameworks */ = {isa = PBXBuildFile; productRef = D87140FB2D2B446DA794B990 /* FirebaseFirestore */; };
		4E752C2EBDBA59E9229ADC37 /* WatchSyncManager.swift in Sources */ = {isa = PBXBuildFile; fileRef = FCB0379349C5AE87C2D4CE66 /* WatchSyncManager.swift */; };
		55516895E6B925344F6567C0 /* WatchTaskListView.swift in Sources */ = {isa = PBXBuildFile; fileRef = 4E78922BF27964F44DCC75D3 /* WatchTaskListView.swift */; };
		5AC0E7BE7E7675D5275B0AD3 /* WatchPomodoroSetupView.swift in Sources */ = {isa = PBXBuildFile; fileRef = 1439E6D517F611BCD4CAEFDB /* WatchPomodoroSetupView.swift */; };
		7268F1E0D3DF23E22F548571 /* WatchTaskDetailView.swift in Sources */ = {isa = PBXBuildFile; fileRef = DC44625E6B926E327C3FF171 /* WatchTaskDetailView.swift */; };
		857E33655D52CDBAC282B092 /* WatchSimpleTimerView.swift in Sources */ = {isa = PBXBuildFile; fileRef = CBE2A63A4AA2D46DC715C38D /* WatchSimpleTimerView.swift */; };
		8D35E7CA250C9B85FD0A6342 /* Foundation.framework in Frameworks */ = {isa = PBXBuildFile; fileRef = 1AC3369E7075C422EF36A48B /* Foundation.framework */; };
		AC8F53382ED859DE009561B2 /* WidgetKit.framework in Frameworks */ = {isa = PBXBuildFile; fileRef = 42E919B783BB4EB99F43A4C3 /* WidgetKit.framework */; };
		AC8F53392ED859DE009561B2 /* SwiftUI.framework in Frameworks */ = {isa = PBXBuildFile; fileRef = A5D885DF271547BCAB71EBED /* SwiftUI.framework */; };
		AC8F534A2ED859DE009561B2 /* SnapTaskWidgetExtension.appex in Embed Foundation Extensions */ = {isa = PBXBuildFile; fileRef = AC8F53372ED859DE009561B2 /* SnapTaskWidgetExtension.appex */; settings = {ATTRIBUTES = (RemoveHeadersOnCopy, ); }; };
		BD83171E0885A8E6CFCAC523 /* WatchRewardsListView.swift in Sources */ = {isa = PBXBuildFile; fileRef = 39F8F53D077C291019B59AB9 /* WatchRewardsListView.swift */; };
		BF646021570935DCC0892B91 /* WatchPomodoroView.swift in Sources */ = {isa = PBXBuildFile; fileRef = 372E76F9143F217AB12B7B79 /* WatchPomodoroView.swift */; };
		C651E61C661542ADE4C52AD9 /* WatchRewardFormView.swift in Sources */ = {isa = PBXBuildFile; fileRef = 71B1415D6FBEC7923F3E0BC2 /* WatchRewardFormView.swift */; };
		CALEXTBUILD1234567890AB /* Calendar+Extensions.swift in Sources */ = {isa = PBXBuildFile; fileRef = CALEXT12345678901234ABCD /* Calendar+Extensions.swift */; };
		F55E06C1508B621E08DECF79 /* SnapTaskComplication.swift in Sources */ = {isa = PBXBuildFile; fileRef = 68C68D08855F877493338040 /* SnapTaskComplication.swift */; };
		FABA10E5BBDAA44A54071E3E /* ContentView.swift in Sources */ = {isa = PBXBuildFile; fileRef = A5182B0FD251DC3FA3D34E8D /* ContentView.swift */; };
		FC72B493C5286B3D9EEF947E /* WatchConnectivityManager.swift in Sources */ = {isa = PBXBuildFile; fileRef = E71CF387CCA9E67533C88AAA /* WatchConnectivityManager.swift */; };
		STRLOCWATCHBUILD12345AB /* String+Localization.swift in Sources */ = {isa = PBXBuildFile; fileRef = STRLOCWATCH123456789ABC /* String+Localization.swift */; };
		WATCHEMBED123456789ABCD /* SnapTaskWatch.app in Embed Watch Content */ = {isa = PBXBuildFile; fileRef = DF3E8C8915BC225849BFE4B9 /* SnapTaskWatch.app */; settings = {ATTRIBUTES = (RemoveHeadersOnCopy, ); }; };
/* End PBXBuildFile section */

/* Begin PBXContainerItemProxy section */
		8DFBB9A27DB047A695FB5AD8 /* PBXContainerItemProxy */ = {
			isa = PBXContainerItemProxy;
			containerPortal = FD3DCF475E4A4C8CABD44701 /* Project object */;
			proxyType = 1;
			remoteGlobalIDString = 8558DB37607D472D9D5D9D67;
			remoteInfo = "SnapTask Pro";
		};
		AC8F53482ED859DE009561B2 /* PBXContainerItemProxy */ = {
			isa = PBXContainerItemProxy;
			containerPortal = FD3DCF475E4A4C8CABD44701 /* Project object */;
			proxyType = 1;
			remoteGlobalIDString = AC8F53362ED859DE009561B2;
			remoteInfo = SnapTaskWidgetExtension;
		};
		CB092F97BB274760BEF0ADAC /* PBXContainerItemProxy */ = {
			isa = PBXContainerItemProxy;
			containerPortal = FD3DCF475E4A4C8CABD44701 /* Project object */;
			proxyType = 1;
			remoteGlobalIDString = 8558DB37607D472D9D5D9D67;
			remoteInfo = "SnapTask Pro";
		};
		CF3FBA583CBA4F8FB83F26AC /* PBXContainerItemProxy */ = {
			isa = PBXContainerItemProxy;
			containerPortal = FD3DCF475E4A4C8CABD44701 /* Project object */;
			proxyType = 1;
			remoteGlobalIDString = 077E0902895D492899F3A510;
			remoteInfo = SnapTask;
		};
		WATCHPROXY123456789ABCD /* PBXContainerItemProxy */ = {
			isa = PBXContainerItemProxy;
			containerPortal = FD3DCF475E4A4C8CABD44701 /* Project object */;
			proxyType = 1;
			remoteGlobalIDString = EAC44CD682917A8C442E5B7A;
			remoteInfo = SnapTaskWatch;
		};
/* End PBXContainerItemProxy section */

/* Begin PBXCopyFilesBuildPhase section */
		081CB257FAB74E359B38083E /* Embed Watch Content */ = {
			isa = PBXCopyFilesBuildPhase;
			buildActionMask = 2147483647;
			dstPath = "$(CONTENTS_FOLDER_PATH)/Watch";
			dstSubfolderSpec = 16;
			files = (
				WATCHEMBED123456789ABCD /* SnapTaskWatch.app in Embed Watch Content */,
			);
			name = "Embed Watch Content";
			runOnlyForDeploymentPostprocessing = 0;
		};
		153710D2849F4F38ADE66640 /* Embed Foundation Extensions */ = {
			isa = PBXCopyFilesBuildPhase;
			buildActionMask = 2147483647;
			dstPath = "";
			dstSubfolderSpec = 13;
			files = (
				AC8F534A2ED859DE009561B2 /* SnapTaskWidgetExtension.appex in Embed Foundation Extensions */,
			);
			name = "Embed Foundation Extensions";
			runOnlyForDeploymentPostprocessing = 0;
		};
		FC2AE96E2E605FAC0039612E /* Embed Foundation Extensions */ = {
			isa = PBXCopyFilesBuildPhase;
			buildActionMask = 2147483647;
			dstPath = "";
			dstSubfolderSpec = 13;
			files = (
			);
			name = "Embed Foundation Extensions";
			runOnlyForDeploymentPostprocessing = 0;
		};
/* End PBXCopyFilesBuildPhase section */

/* Begin PBXFileReference section */
		1439E6D517F611BCD4CAEFDB /* WatchPomodoroSetupView.swift */ = {isa = PBXFileReference; includeInIndex = 1; lastKnownFileType = sourcecode.swift; name = WatchPomodoroSetupView.swift; path = SnapTaskWatch/Views/Timer/WatchPomodoroSetupView.swift; sourceTree = "<group>"; };
		1AC3369E7075C422EF36A48B /* Foundation.framework */ = {isa = PBXFileReference; lastKnownFileType = wrapper.framework; name = Foundation.framework; path = Platforms/WatchOS.platform/Developer/SDKs/WatchOS11.0.sdk/System/Library/Frameworks/Foundation.framework; sourceTree = DEVELOPER_DIR; };
		1EF726BA3CB24B2E98E30EC2 /* SnapTaskTests.xctest */ = {isa = PBXFileReference; explicitFileType = wrapper.cfbundle; includeInIndex = 0; path = SnapTaskTests.xctest; sourceTree = BUILT_PRODUCTS_DIR; };
		28E75AEAFF8F4FB19F178FE5 /* QuoteService.swift */ = {isa = PBXFileReference; lastKnownFileType = sourcecode.swift; name = QuoteService.swift; path = SnapTask/Services/QuoteService.swift; sourceTree = "<group>"; };
		31AB39FA0D2F119FAA1869BE /* SnapTaskWatchApp.swift */ = {isa = PBXFileReference; includeInIndex = 1; lastKnownFileType = sourcecode.swift; name = SnapTaskWatchApp.swift; path = SnapTaskWatch/SnapTaskWatchApp.swift; sourceTree = "<group>"; };
		372E76F9143F217AB12B7B79 /* WatchPomodoroView.swift */ = {isa = PBXFileReference; includeInIndex = 1; lastKnownFileType = sourcecode.swift; name = WatchPomodoroView.swift; path = SnapTaskWatch/Views/Timer/WatchPomodoroView.swift; sourceTree = "<group>"; };
		39F8F53D077C291019B59AB9 /* WatchRewardsListView.swift */ = {isa = PBXFileReference; includeInIndex = 1; lastKnownFileType = sourcecode.swift; name = WatchRewardsListView.swift; path = SnapTaskWatch/Views/Rewards/WatchRewardsListView.swift; sourceTree = "<group>"; };
		42E919B783BB4EB99F43A4C3 /* WidgetKit.framework */ = {isa = PBXFileReference; lastKnownFileType = wrapper.framework; name = WidgetKit.framework; path = System/Library/Frameworks/WidgetKit.framework; sourceTree = SDKROOT; };
		4847793F87C09B67FBD980ED /* WatchTimerSelectionView.swift */ = {isa = PBXFileReference; includeInIndex = 1; lastKnownFileType = sourcecode.swift; name = WatchTimerSelectionView.swift; path = SnapTaskWatch/Views/Timer/WatchTimerSelectionView.swift; sourceTree = "<group>"; };
		4E78922BF27964F44DCC75D3 /* WatchTaskListView.swift */ = {isa = PBXFileReference; includeInIndex = 1; lastKnownFileType = sourcecode.swift; name = WatchTaskListView.swift; path = SnapTaskWatch/Views/Tasks/WatchTaskListView.swift; sourceTree = "<group>"; };
		5BE6903CC2BE45AF9E5B2602 /* SnapTask ProTests.xctest */ = {isa = PBXFileReference; explicitFileType = wrapper.cfbundle; includeInIndex = 0; path = "SnapTask ProTests.xctest"; sourceTree = BUILT_PRODUCTS_DIR; };
		68C68D08855F877493338040 /* SnapTaskComplication.swift */ = {isa = PBXFileReference; includeInIndex = 1; lastKnownFileType = sourcecode.swift; name = SnapTaskComplication.swift; path = SnapTaskWatch/Complications/SnapTaskComplication.swift; sourceTree = "<group>"; };
		71B1415D6FBEC7923F3E0BC2 /* WatchRewardFormView.swift */ = {isa = PBXFileReference; includeInIndex = 1; lastKnownFileType = sourcecode.swift; name = WatchRewardFormView.swift; path = SnapTaskWatch/Views/Rewards/WatchRewardFormView.swift; sourceTree = "<group>"; };
		75176AF43B4BF342B079DCAE /* WatchCloudKitManager.swift */ = {isa = PBXFileReference; includeInIndex = 1; lastKnownFileType = sourcecode.swift; name = WatchCloudKitManager.swift; path = SnapTaskWatch/Sync/WatchCloudKitManager.swift; sourceTree = "<group>"; };
		7E274607ABBB3F46643D988D /* SharedModels.swift */ = {isa = PBXFileReference; includeInIndex = 1; lastKnownFileType = sourcecode.swift; name = SharedModels.swift; path = SnapTaskWatch/Models/SharedModels.swift; sourceTree = "<group>"; };
		8B8AFBC3F3EB1A56D3BBCCAE /* WatchSettingsView.swift */ = {isa = PBXFileReference; includeInIndex = 1; lastKnownFileType = sourcecode.swift; name = WatchSettingsView.swift; path = SnapTaskWatch/Views/Settings/WatchSettingsView.swift; sourceTree = "<group>"; };
		A5182B0FD251DC3FA3D34E8D /* ContentView.swift */ = {isa = PBXFileReference; includeInIndex = 1; lastKnownFileType = sourcecode.swift; name = ContentView.swift; path = SnapTaskWatch/ContentView.swift; sourceTree = "<group>"; };
		A5D885DF271547BCAB71EBED /* SwiftUI.framework */ = {isa = PBXFileReference; lastKnownFileType = wrapper.framework; name = SwiftUI.framework; path = System/Library/Frameworks/SwiftUI.framework; sourceTree = SDKROOT; };
		A96DFE4C0FDD34A72E24D2CF /* WatchRewardDetailView.swift */ = {isa = PBXFileReference; includeInIndex = 1; lastKnownFileType = sourcecode.swift; name = WatchRewardDetailView.swift; path = SnapTaskWatch/Views/Rewards/WatchRewardDetailView.swift; sourceTree = "<group>"; };
		AC8F53372ED859DE009561B2 /* SnapTaskWidgetExtension.appex */ = {isa = PBXFileReference; explicitFileType = "wrapper.app-extension"; includeInIndex = 0; path = SnapTaskWidgetExtension.appex; sourceTree = BUILT_PRODUCTS_DIR; };
		AEFF3F759E2AE22E47AB58B2 /* WatchTaskRowView.swift */ = {isa = PBXFileReference; includeInIndex = 1; lastKnownFileType = sourcecode.swift; name = WatchTaskRowView.swift; path = SnapTaskWatch/Views/Tasks/WatchTaskRowView.swift; sourceTree = "<group>"; };
		B9BF716A783B22D15350C77C /* Assets.xcassets */ = {isa = PBXFileReference; includeInIndex = 1; lastKnownFileType = folder.assetcatalog; name = Assets.xcassets; path = SnapTaskWatch/Assets.xcassets; sourceTree = "<group>"; };
		CALEXT12345678901234ABCD /* Calendar+Extensions.swift */ = {isa = PBXFileReference; includeInIndex = 1; lastKnownFileType = sourcecode.swift; name = "Calendar+Extensions.swift"; path = "SnapTaskWatch/Extensions/Calendar+Extensions.swift"; sourceTree = "<group>"; };
		CBE2A63A4AA2D46DC715C38D /* WatchSimpleTimerView.swift */ = {isa = PBXFileReference; includeInIndex = 1; lastKnownFileType = sourcecode.swift; name = WatchSimpleTimerView.swift; path = SnapTaskWatch/Views/Timer/WatchSimpleTimerView.swift; sourceTree = "<group>"; };
		D58B432B55A343BB8233FA51 /* SnapTask Pro.app */ = {isa = PBXFileReference; explicitFileType = wrapper.application; includeInIndex = 0; path = "SnapTask Pro.app"; sourceTree = BUILT_PRODUCTS_DIR; };
		DC44625E6B926E327C3FF171 /* WatchTaskDetailView.swift */ = {isa = PBXFileReference; includeInIndex = 1; lastKnownFileType = sourcecode.swift; name = WatchTaskDetailView.swift; path = SnapTaskWatch/Views/Tasks/WatchTaskDetailView.swift; sourceTree = "<group>"; };
		DD3AF88BB0A55FDD0E348BA8 /* WatchTaskFormView.swift */ = {isa = PBXFileReference; includeInIndex = 1; lastKnownFileType = sourcecode.swift; name = WatchTaskFormView.swift; path = SnapTaskWatch/Views/Tasks/WatchTaskFormView.swift; sourceTree = "<group>"; };
		DF3E8C8915BC225849BFE4B9 /* SnapTaskWatch.app */ = {isa = PBXFileReference; explicitFileType = wrapper.application; includeInIndex = 0; path = SnapTaskWatch.app; sourceTree = BUILT_PRODUCTS_DIR; };
		E71CF387CCA9E67533C88AAA /* WatchConnectivityManager.swift */ = {isa = PBXFileReference; includeInIndex = 1; lastKnownFileType = sourcecode.swift; name = WatchConnectivityManager.swift; path = SnapTaskWatch/Sync/WatchConnectivityManager.swift; sourceTree = "<group>"; };
		F410AB27FC1B43A7B59795D0 /* SnapTask ProUITests.xctest */ = {isa = PBXFileReference; explicitFileType = wrapper.cfbundle; includeInIndex = 0; path = "SnapTask ProUITests.xctest"; sourceTree = BUILT_PRODUCTS_DIR; };
		F5F5DAAB9E22424CBC996659 /* SnapTask Pro.app */ = {isa = PBXFileReference; explicitFileType = wrapper.application; includeInIndex = 0; path = "SnapTask Pro.app"; sourceTree = BUILT_PRODUCTS_DIR; };
		FC2AEB5D2E606E250039612E /* SnapTaskWidgetExtensionExtension.entitlements */ = {isa = PBXFileReference; lastKnownFileType = text.plist.entitlements; path = SnapTaskWidgetExtensionExtension.entitlements; sourceTree = "<group>"; };
		FCB0379349C5AE87C2D4CE66 /* WatchSyncManager.swift */ = {isa = PBXFileReference; includeInIndex = 1; lastKnownFileType = sourcecode.swift; name = WatchSyncManager.swift; path = SnapTaskWatch/Sync/WatchSyncManager.swift; sourceTree = "<group>"; };
		FF5CA577AB43145313B0F7CD /* WatchStatisticsView.swift */ = {isa = PBXFileReference; includeInIndex = 1; lastKnownFileType = sourcecode.swift; name = WatchStatisticsView.swift; path = SnapTaskWatch/Views/Statistics/WatchStatisticsView.swift; sourceTree = "<group>"; };
		STRLOCWATCH123456789ABC /* String+Localization.swift */ = {isa = PBXFileReference; includeInIndex = 1; lastKnownFileType = sourcecode.swift; name = "String+Localization.swift"; path = "SnapTaskWatch/Extensions/String+Localization.swift"; sourceTree = "<group>"; };
/* End PBXFileReference section */

/* Begin PBXFileSystemSynchronizedBuildFileExceptionSet section */
		AC8F534E2ED859DE009561B2 /* Exceptions for "SnapTaskWidget" folder in "SnapTaskWidgetExtension" target */ = {
			isa = PBXFileSystemSynchronizedBuildFileExceptionSet;
			membershipExceptions = (
				Info.plist,
			);
			target = AC8F53362ED859DE009561B2 /* SnapTaskWidgetExtension */;
		};
		AC8F53522ED85ACE009561B2 /* Exceptions for "SnapTask" folder in "SnapTaskWidgetExtension" target */ = {
			isa = PBXFileSystemSynchronizedBuildFileExceptionSet;
			membershipExceptions = (
				"Extensions/Color+Hex.swift",
				"Extensions/String+Localization.swift",
				Models/Category.swift,
				Models/PomodoroSettings.swift,
				Models/Priority.swift,
				Models/Recurrence.swift,
				Models/Subtask.swift,
				Models/TaskCompletion.swift,
				Models/TaskLocation.swift,
				Models/TaskPhoto.swift,
				Models/TaskVoiceMemo.swift,
				Models/TodoTask.swift,
			);
			target = AC8F53362ED859DE009561B2 /* SnapTaskWidgetExtension */;
		};
		F06FD242C14E48EDB783BA46 /* Exceptions for "SnapTask" folder in "SnapTask" target */ = {
			isa = PBXFileSystemSynchronizedBuildFileExceptionSet;
			membershipExceptions = (
				Info.plist,
			);
			target = 077E0902895D492899F3A510 /* SnapTask */;
		};
		WATCH1234567890ABCDEF1234 /* Exceptions for "SnapTask" folder in "SnapTaskWatch" target */ = {
			isa = PBXFileSystemSynchronizedBuildFileExceptionSet;
			membershipExceptions = (
				"Extensions/Color+Hex.swift",
				Models/Category.swift,
				Models/PomodoroSettings.swift,
				Models/Priority.swift,
				Models/Recurrence.swift,
				Models/Reward.swift,
				Models/Subtask.swift,
				Models/TaskCompletion.swift,
				Models/TaskLocation.swift,
				Models/TaskPhoto.swift,
				Models/TaskVoiceMemo.swift,
				Models/TodoTask.swift,
				Models/TrackingMode.swift,
				Models/TrackingSession.swift,
			);
			target = EAC44CD682917A8C442E5B7A /* SnapTaskWatch */;
		};
/* End PBXFileSystemSynchronizedBuildFileExceptionSet section */

/* Begin PBXFileSystemSynchronizedRootGroup section */
		7C5DB2BAEEFA4BE6BF36C947 /* SnapTaskTests */ = {
			isa = PBXFileSystemSynchronizedRootGroup;
			path = SnapTaskTests;
			sourceTree = "<group>";
		};
		81E1F18F4F5647BF997A6867 /* SnapTaskUITests */ = {
			isa = PBXFileSystemSynchronizedRootGroup;
			path = SnapTaskUITests;
			sourceTree = "<group>";
		};
		836D3975FC0642468BE2CA9B /* SnapTask */ = {
			isa = PBXFileSystemSynchronizedRootGroup;
			exceptions = (
				F06FD242C14E48EDB783BA46 /* Exceptions for "SnapTask" folder in "SnapTask" target */,
				AC8F53522ED85ACE009561B2 /* Exceptions for "SnapTask" folder in "SnapTaskWidgetExtension" target */,
				WATCH1234567890ABCDEF1234 /* Exceptions for "SnapTask" folder in "SnapTaskWatch" target */,
			);
			path = SnapTask;
			sourceTree = "<group>";
		};
		AC8F533A2ED859DE009561B2 /* SnapTaskWidget */ = {
			isa = PBXFileSystemSynchronizedRootGroup;
			exceptions = (
				AC8F534E2ED859DE009561B2 /* Exceptions for "SnapTaskWidget" folder in "SnapTaskWidgetExtension" target */,
			);
			path = SnapTaskWidget;
			sourceTree = "<group>";
		};
		FC2AE95C2E605FAB0039612E /* SnapTaskWidgetExtension */ = {
			isa = PBXFileSystemSynchronizedRootGroup;
			path = SnapTaskWidgetExtension;
			sourceTree = "<group>";
		};
		FC2AEB452E6064FA0039612E /* SnapTaskWidgetExtension */ = {
			isa = PBXFileSystemSynchronizedRootGroup;
			path = SnapTaskWidgetExtension;
			sourceTree = "<group>";
		};
/* End PBXFileSystemSynchronizedRootGroup section */

/* Begin PBXFrameworksBuildPhase section */
		20907EEE110A415F9735B493 /* Frameworks */ = {
			isa = PBXFrameworksBuildPhase;
			buildActionMask = 2147483647;
			files = (
			);
			runOnlyForDeploymentPostprocessing = 0;
		};
		20933D2559A0439FAC4E551F /* Frameworks */ = {
			isa = PBXFrameworksBuildPhase;
			buildActionMask = 2147483647;
			files = (
				0134761044174BDDB535D8F4 /* FirebaseAuth in Frameworks */,
				1D7A28826641479EBF3A11B5 /* FirebaseCore in Frameworks */,
				4CBA99743298491BAC054E58 /* FirebaseFirestore in Frameworks */,
			);
			runOnlyForDeploymentPostprocessing = 0;
		};
		50D674F8FE394DB3B5DF3237 /* Frameworks */ = {
			isa = PBXFrameworksBuildPhase;
			buildActionMask = 2147483647;
			files = (
			);
			runOnlyForDeploymentPostprocessing = 0;
		};
		AC8F53342ED859DE009561B2 /* Frameworks */ = {
			isa = PBXFrameworksBuildPhase;
			buildActionMask = 2147483647;
			files = (
				AC8F53392ED859DE009561B2 /* SwiftUI.framework in Frameworks */,
				AC8F53382ED859DE009561B2 /* WidgetKit.framework in Frameworks */,
			);
			runOnlyForDeploymentPostprocessing = 0;
		};
		BA572E9C4CFA4D018C1D3C20 /* Frameworks */ = {
			isa = PBXFrameworksBuildPhase;
			buildActionMask = 2147483647;
			files = (
			);
			runOnlyForDeploymentPostprocessing = 0;
		};
		E4E7983FB3F652E43CA60DA1 /* Frameworks */ = {
			isa = PBXFrameworksBuildPhase;
			buildActionMask = 2147483647;
			files = (
				8D35E7CA250C9B85FD0A6342 /* Foundation.framework in Frameworks */,
			);
			runOnlyForDeploymentPostprocessing = 0;
		};
		F9DFD587043F4B17857AE65E /* Frameworks */ = {
			isa = PBXFrameworksBuildPhase;
			buildActionMask = 2147483647;
			files = (
			);
			runOnlyForDeploymentPostprocessing = 0;
		};
/* End PBXFrameworksBuildPhase section */

/* Begin PBXGroup section */
		42636F0840E444CB8C194D30 = {
			isa = PBXGroup;
			children = (
				FC2AEB5D2E606E250039612E /* SnapTaskWidgetExtensionExtension.entitlements */,
				836D3975FC0642468BE2CA9B /* SnapTask */,
				7C5DB2BAEEFA4BE6BF36C947 /* SnapTaskTests */,
				81E1F18F4F5647BF997A6867 /* SnapTaskUITests */,
				FC2AE95C2E605FAB0039612E /* SnapTaskWidgetExtension */,
				FC2AEB452E6064FA0039612E /* SnapTaskWidgetExtension */,
				AC8F533A2ED859DE009561B2 /* SnapTaskWidget */,
				F90FF5C009E5401BB3E1882E /* Frameworks */,
				91AAC91753284605B39E028F /* Products */,
				4EA9C2CF45A241B4AF67EF2A /* Recovered References */,
				983010B1AAF516992973CE4B /* SnapTaskWatch */,
			);
			sourceTree = "<group>";
		};
		4EA9C2CF45A241B4AF67EF2A /* Recovered References */ = {
			isa = PBXGroup;
			children = (
				28E75AEAFF8F4FB19F178FE5 /* QuoteService.swift */,
			);
			name = "Recovered References";
			sourceTree = "<group>";
		};
		91AAC91753284605B39E028F /* Products */ = {
			isa = PBXGroup;
			children = (
				D58B432B55A343BB8233FA51 /* SnapTask Pro.app */,
				1EF726BA3CB24B2E98E30EC2 /* SnapTaskTests.xctest */,
				F5F5DAAB9E22424CBC996659 /* SnapTask Pro.app */,
				5BE6903CC2BE45AF9E5B2602 /* SnapTask ProTests.xctest */,
				F410AB27FC1B43A7B59795D0 /* SnapTask ProUITests.xctest */,
				AC8F53372ED859DE009561B2 /* SnapTaskWidgetExtension.appex */,
				DF3E8C8915BC225849BFE4B9 /* SnapTaskWatch.app */,
			);
			name = Products;
			sourceTree = "<group>";
		};
		983010B1AAF516992973CE4B /* SnapTaskWatch */ = {
			isa = PBXGroup;
			children = (
				31AB39FA0D2F119FAA1869BE /* SnapTaskWatchApp.swift */,
				A5182B0FD251DC3FA3D34E8D /* ContentView.swift */,
				FCB0379349C5AE87C2D4CE66 /* WatchSyncManager.swift */,
				E71CF387CCA9E67533C88AAA /* WatchConnectivityManager.swift */,
				75176AF43B4BF342B079DCAE /* WatchCloudKitManager.swift */,
				7E274607ABBB3F46643D988D /* SharedModels.swift */,
				4E78922BF27964F44DCC75D3 /* WatchTaskListView.swift */,
				AEFF3F759E2AE22E47AB58B2 /* WatchTaskRowView.swift */,
				DC44625E6B926E327C3FF171 /* WatchTaskDetailView.swift */,
				DD3AF88BB0A55FDD0E348BA8 /* WatchTaskFormView.swift */,
				4847793F87C09B67FBD980ED /* WatchTimerSelectionView.swift */,
				CBE2A63A4AA2D46DC715C38D /* WatchSimpleTimerView.swift */,
				1439E6D517F611BCD4CAEFDB /* WatchPomodoroSetupView.swift */,
				372E76F9143F217AB12B7B79 /* WatchPomodoroView.swift */,
				39F8F53D077C291019B59AB9 /* WatchRewardsListView.swift */,
				A96DFE4C0FDD34A72E24D2CF /* WatchRewardDetailView.swift */,
				71B1415D6FBEC7923F3E0BC2 /* WatchRewardFormView.swift */,
				FF5CA577AB43145313B0F7CD /* WatchStatisticsView.swift */,
				8B8AFBC3F3EB1A56D3BBCCAE /* WatchSettingsView.swift */,
				68C68D08855F877493338040 /* SnapTaskComplication.swift */,
				CALEXT12345678901234ABCD /* Calendar+Extensions.swift */,
				STRLOCWATCH123456789ABC /* String+Localization.swift */,
				B9BF716A783B22D15350C77C /* Assets.xcassets */,
			);
			name = SnapTaskWatch;
			sourceTree = "<group>";
		};
		9AE43D01270FB9FFFF32E385 /* watchOS */ = {
			isa = PBXGroup;
			children = (
				1AC3369E7075C422EF36A48B /* Foundation.framework */,
			);
			name = watchOS;
			sourceTree = "<group>";
		};
		F90FF5C009E5401BB3E1882E /* Frameworks */ = {
			isa = PBXGroup;
			children = (
				42E919B783BB4EB99F43A4C3 /* WidgetKit.framework */,
				A5D885DF271547BCAB71EBED /* SwiftUI.framework */,
				9AE43D01270FB9FFFF32E385 /* watchOS */,
			);
			name = Frameworks;
			sourceTree = "<group>";
		};
/* End PBXGroup section */

/* Begin PBXNativeTarget section */
		077E0902895D492899F3A510 /* SnapTask */ = {
			isa = PBXNativeTarget;
			buildConfigurationList = 64F90B65375041A897C790E5 /* Build configuration list for PBXNativeTarget "SnapTask" */;
			buildPhases = (
				6798D18CA3BD4052B2F8CD90 /* Sources */,
				20933D2559A0439FAC4E551F /* Frameworks */,
				02B5105D61A843DC8E5D1709 /* Resources */,
				081CB257FAB74E359B38083E /* Embed Watch Content */,
				153710D2849F4F38ADE66640 /* Embed Foundation Extensions */,
			);
			buildRules = (
			);
			dependencies = (
				AC8F53492ED859DE009561B2 /* PBXTargetDependency */,
				WATCHDEP123456789ABCDEF /* PBXTargetDependency */,
			);
			fileSystemSynchronizedGroups = (
				836D3975FC0642468BE2CA9B /* SnapTask */,
			);
			name = SnapTask;
			packageProductDependencies = (
				B7E085D2B50B4B569093A98C /* FirebaseAuth */,
				D87140FB2D2B446DA794B990 /* FirebaseFirestore */,
				C23D2A3E30904F0BBD78F8CE /* FirebaseCore */,
			);
			productName = SnapTask;
			productReference = D58B432B55A343BB8233FA51 /* SnapTask Pro.app */;
			productType = "com.apple.product-type.application";
		};
		2330FD879B154048BAF56383 /* SnapTaskTests */ = {
			isa = PBXNativeTarget;
			buildConfigurationList = 474E8A1691D74E83B0D38C66 /* Build configuration list for PBXNativeTarget "SnapTaskTests" */;
			buildPhases = (
				CFF5929FAB294544B970B60C /* Sources */,
				BA572E9C4CFA4D018C1D3C20 /* Frameworks */,
				C9DC97EDE0AE42FDA903C281 /* Resources */,
			);
			buildRules = (
			);
			dependencies = (
				CDFA3A8FA4644AD0A5AE98B1 /* PBXTargetDependency */,
			);
			fileSystemSynchronizedGroups = (
				7C5DB2BAEEFA4BE6BF36C947 /* SnapTaskTests */,
			);
			name = SnapTaskTests;
			productName = SnapTaskTests;
			productReference = 1EF726BA3CB24B2E98E30EC2 /* SnapTaskTests.xctest */;
			productType = "com.apple.product-type.bundle.unit-test";
		};
		3ABC874A267E4114B068247B /* SnapTask ProUITests */ = {
			isa = PBXNativeTarget;
			buildConfigurationList = E37D8F3EFFB64127A437E547 /* Build configuration list for PBXNativeTarget "SnapTask ProUITests" */;
			buildPhases = (
				9436E61ED67B4F788E4C30BB /* Sources */,
				20907EEE110A415F9735B493 /* Frameworks */,
				57AC9BF7DEDF4B558CA7B241 /* Resources */,
			);
			buildRules = (
			);
			dependencies = (
				47FDDB24E1A64D3F86D56FDC /* PBXTargetDependency */,
			);
			name = "SnapTask ProUITests";
			productName = "SnapTask ProUITests";
			productReference = F410AB27FC1B43A7B59795D0 /* SnapTask ProUITests.xctest */;
			productType = "com.apple.product-type.bundle.ui-testing";
		};
		5C2A3715D7644CC0B6CE6CE8 /* SnapTask ProTests */ = {
			isa = PBXNativeTarget;
			buildConfigurationList = 26CC246A87DF4DC192B21C68 /* Build configuration list for PBXNativeTarget "SnapTask ProTests" */;
			buildPhases = (
				C2E42AC2727A4AE4AE5F5E09 /* Sources */,
				F9DFD587043F4B17857AE65E /* Frameworks */,
				4344CF04ED1E4C37BE02494F /* Resources */,
			);
			buildRules = (
			);
			dependencies = (
				4E8501B46FE44250A8A2E615 /* PBXTargetDependency */,
			);
			name = "SnapTask ProTests";
			productName = "SnapTask ProTests";
			productReference = 5BE6903CC2BE45AF9E5B2602 /* SnapTask ProTests.xctest */;
			productType = "com.apple.product-type.bundle.unit-test";
		};
		8558DB37607D472D9D5D9D67 /* SnapTask Pro */ = {
			isa = PBXNativeTarget;
			buildConfigurationList = B3D8E97DCC574C309D6219D4 /* Build configuration list for PBXNativeTarget "SnapTask Pro" */;
			buildPhases = (
				B0DD5E13E41C491294E7BB85 /* Sources */,
				50D674F8FE394DB3B5DF3237 /* Frameworks */,
				F90BF2D7FCC244B3976C3DDD /* Resources */,
				FC2AE96E2E605FAC0039612E /* Embed Foundation Extensions */,
			);
			buildRules = (
			);
			dependencies = (
			);
			name = "SnapTask Pro";
			productName = "SnapTask Pro";
			productReference = F5F5DAAB9E22424CBC996659 /* SnapTask Pro.app */;
			productType = "com.apple.product-type.application";
		};
		AC8F53362ED859DE009561B2 /* SnapTaskWidgetExtension */ = {
			isa = PBXNativeTarget;
			buildConfigurationList = AC8F534D2ED859DE009561B2 /* Build configuration list for PBXNativeTarget "SnapTaskWidgetExtension" */;
			buildPhases = (
				AC8F53332ED859DE009561B2 /* Sources */,
				AC8F53342ED859DE009561B2 /* Frameworks */,
				AC8F53352ED859DE009561B2 /* Resources */,
			);
			buildRules = (
			);
			dependencies = (
			);
			fileSystemSynchronizedGroups = (
				AC8F533A2ED859DE009561B2 /* SnapTaskWidget */,
			);
			name = SnapTaskWidgetExtension;
			productName = SnapTaskWidgetExtension;
			productReference = AC8F53372ED859DE009561B2 /* SnapTaskWidgetExtension.appex */;
			productType = "com.apple.product-type.app-extension";
		};
		EAC44CD682917A8C442E5B7A /* SnapTaskWatch */ = {
			isa = PBXNativeTarget;
			buildConfigurationList = 841187AD4E6A88CF6306E338 /* Build configuration list for PBXNativeTarget "SnapTaskWatch" */;
			buildPhases = (
				DD987E23963D8F45237E93A7 /* Sources */,
				E4E7983FB3F652E43CA60DA1 /* Frameworks */,
				944B6BBFB04A34FD8819BBE3 /* Resources */,
			);
			buildRules = (
			);
			dependencies = (
			);
			name = SnapTaskWatch;
			productName = SnapTaskWatch;
			productReference = DF3E8C8915BC225849BFE4B9 /* SnapTaskWatch.app */;
			productType = "com.apple.product-type.application";
		};
/* End PBXNativeTarget section */

/* Begin PBXProject section */
		FD3DCF475E4A4C8CABD44701 /* Project object */ = {
			isa = PBXProject;
			attributes = {
				BuildIndependentTargetsInParallel = 1;
				LastSwiftUpdateCheck = 1640;
				LastUpgradeCheck = 1640;
				TargetAttributes = {
					077E0902895D492899F3A510 = {
						CreatedOnToolsVersion = 16.2;
					};
					2330FD879B154048BAF56383 = {
						CreatedOnToolsVersion = 16.2;
						TestTargetID = 077E0902895D492899F3A510;
					};
					3ABC874A267E4114B068247B = {
						CreatedOnToolsVersion = 16.3;
						TestTargetID = 8558DB37607D472D9D5D9D67;
					};
					5C2A3715D7644CC0B6CE6CE8 = {
						CreatedOnToolsVersion = 16.3;
						TestTargetID = 8558DB37607D472D9D5D9D67;
					};
					8558DB37607D472D9D5D9D67 = {
						CreatedOnToolsVersion = 16.3;
					};
					AC8F53362ED859DE009561B2 = {
						CreatedOnToolsVersion = 16.4;
					};
				};
			};
			buildConfigurationList = 57AD9857CED74477B9D79C9C /* Build configuration list for PBXProject "SnapTask" */;
			developmentRegion = en;
			hasScannedForEncodings = 0;
			knownRegions = (
				en,
				Base,
				it,
				es,
				fr,
				de,
				ja,
				pt,
			);
			mainGroup = 42636F0840E444CB8C194D30;
			minimizedProjectReferenceProxies = 1;
			packageReferences = (
				A09849D266F748BD92B740C7 /* XCRemoteSwiftPackageReference "firebase-ios-sdk" */,
			);
			preferredProjectObjectVersion = 77;
			productRefGroup = 91AAC91753284605B39E028F /* Products */;
			projectDirPath = "";
			projectRoot = "";
			targets = (
				077E0902895D492899F3A510 /* SnapTask */,
				2330FD879B154048BAF56383 /* SnapTaskTests */,
				8558DB37607D472D9D5D9D67 /* SnapTask Pro */,
				5C2A3715D7644CC0B6CE6CE8 /* SnapTask ProTests */,
				3ABC874A267E4114B068247B /* SnapTask ProUITests */,
				AC8F53362ED859DE009561B2 /* SnapTaskWidgetExtension */,
				EAC44CD682917A8C442E5B7A /* SnapTaskWatch */,
			);
		};
/* End PBXProject section */

/* Begin PBXResourcesBuildPhase section */
		02B5105D61A843DC8E5D1709 /* Resources */ = {
			isa = PBXResourcesBuildPhase;
			buildActionMask = 2147483647;
			files = (
			);
			runOnlyForDeploymentPostprocessing = 0;
		};
		4344CF04ED1E4C37BE02494F /* Resources */ = {
			isa = PBXResourcesBuildPhase;
			buildActionMask = 2147483647;
			files = (
			);
			runOnlyForDeploymentPostprocessing = 0;
		};
		57AC9BF7DEDF4B558CA7B241 /* Resources */ = {
			isa = PBXResourcesBuildPhase;
			buildActionMask = 2147483647;
			files = (
			);
			runOnlyForDeploymentPostprocessing = 0;
		};
		944B6BBFB04A34FD8819BBE3 /* Resources */ = {
			isa = PBXResourcesBuildPhase;
			buildActionMask = 2147483647;
			files = (
				0BE586C27134AC324A8E0B34 /* Assets.xcassets in Resources */,
			);
			runOnlyForDeploymentPostprocessing = 0;
		};
		AC8F53352ED859DE009561B2 /* Resources */ = {
			isa = PBXResourcesBuildPhase;
			buildActionMask = 2147483647;
			files = (
			);
			runOnlyForDeploymentPostprocessing = 0;
		};
		C9DC97EDE0AE42FDA903C281 /* Resources */ = {
			isa = PBXResourcesBuildPhase;
			buildActionMask = 2147483647;
			files = (
			);
			runOnlyForDeploymentPostprocessing = 0;
		};
		F90BF2D7FCC244B3976C3DDD /* Resources */ = {
			isa = PBXResourcesBuildPhase;
			buildActionMask = 2147483647;
			files = (
			);
			runOnlyForDeploymentPostprocessing = 0;
		};
/* End PBXResourcesBuildPhase section */

/* Begin PBXSourcesBuildPhase section */
		6798D18CA3BD4052B2F8CD90 /* Sources */ = {
			isa = PBXSourcesBuildPhase;
			buildActionMask = 2147483647;
			files = (
			);
			runOnlyForDeploymentPostprocessing = 0;
		};
		9436E61ED67B4F788E4C30BB /* Sources */ = {
			isa = PBXSourcesBuildPhase;
			buildActionMask = 2147483647;
			files = (
			);
			runOnlyForDeploymentPostprocessing = 0;
		};
		AC8F53332ED859DE009561B2 /* Sources */ = {
			isa = PBXSourcesBuildPhase;
			buildActionMask = 2147483647;
			files = (
			);
			runOnlyForDeploymentPostprocessing = 0;
		};
		B0DD5E13E41C491294E7BB85 /* Sources */ = {
			isa = PBXSourcesBuildPhase;
			buildActionMask = 2147483647;
			files = (
			);
			runOnlyForDeploymentPostprocessing = 0;
		};
		C2E42AC2727A4AE4AE5F5E09 /* Sources */ = {
			isa = PBXSourcesBuildPhase;
			buildActionMask = 2147483647;
			files = (
			);
			runOnlyForDeploymentPostprocessing = 0;
		};
		CFF5929FAB294544B970B60C /* Sources */ = {
			isa = PBXSourcesBuildPhase;
			buildActionMask = 2147483647;
			files = (
			);
			runOnlyForDeploymentPostprocessing = 0;
		};
		DD987E23963D8F45237E93A7 /* Sources */ = {
			isa = PBXSourcesBuildPhase;
			buildActionMask = 2147483647;
			files = (
				042E7BB3F32B6BFE3ED059BB /* SnapTaskWatchApp.swift in Sources */,
				FABA10E5BBDAA44A54071E3E /* ContentView.swift in Sources */,
				4E752C2EBDBA59E9229ADC37 /* WatchSyncManager.swift in Sources */,
				FC72B493C5286B3D9EEF947E /* WatchConnectivityManager.swift in Sources */,
				33B45E6634C1D5C6A33E0A88 /* WatchCloudKitManager.swift in Sources */,
				25D62C7DAC0213E37C3B25BF /* SharedModels.swift in Sources */,
				CALEXTBUILD1234567890AB /* Calendar+Extensions.swift in Sources */,
				STRLOCWATCHBUILD12345AB /* String+Localization.swift in Sources */,
				55516895E6B925344F6567C0 /* WatchTaskListView.swift in Sources */,
				11C61B235E0DC94DB1DADCEC /* WatchTaskRowView.swift in Sources */,
				7268F1E0D3DF23E22F548571 /* WatchTaskDetailView.swift in Sources */,
				14800037C8C88C6304F7244C /* WatchTaskFormView.swift in Sources */,
				33EC2E3BD84B413C5FC966C3 /* WatchTimerSelectionView.swift in Sources */,
				857E33655D52CDBAC282B092 /* WatchSimpleTimerView.swift in Sources */,
				5AC0E7BE7E7675D5275B0AD3 /* WatchPomodoroSetupView.swift in Sources */,
				BF646021570935DCC0892B91 /* WatchPomodoroView.swift in Sources */,
				BD83171E0885A8E6CFCAC523 /* WatchRewardsListView.swift in Sources */,
				41ACAAE667FA0FCAA96E544D /* WatchRewardDetailView.swift in Sources */,
				C651E61C661542ADE4C52AD9 /* WatchRewardFormView.swift in Sources */,
				37EE927FAEF015DAF18EDBBF /* WatchStatisticsView.swift in Sources */,
				21394810EF463A349897E145 /* WatchSettingsView.swift in Sources */,
				F55E06C1508B621E08DECF79 /* SnapTaskComplication.swift in Sources */,
			);
			runOnlyForDeploymentPostprocessing = 0;
		};
/* End PBXSourcesBuildPhase section */

/* Begin PBXTargetDependency section */
		47FDDB24E1A64D3F86D56FDC /* PBXTargetDependency */ = {
			isa = PBXTargetDependency;
			target = 8558DB37607D472D9D5D9D67 /* SnapTask Pro */;
			targetProxy = CB092F97BB274760BEF0ADAC /* PBXContainerItemProxy */;
		};
		4E8501B46FE44250A8A2E615 /* PBXTargetDependency */ = {
			isa = PBXTargetDependency;
			target = 8558DB37607D472D9D5D9D67 /* SnapTask Pro */;
			targetProxy = 8DFBB9A27DB047A695FB5AD8 /* PBXContainerItemProxy */;
		};
		AC8F53492ED859DE009561B2 /* PBXTargetDependency */ = {
			isa = PBXTargetDependency;
			target = AC8F53362ED859DE009561B2 /* SnapTaskWidgetExtension */;
			targetProxy = AC8F53482ED859DE009561B2 /* PBXContainerItemProxy */;
		};
		CDFA3A8FA4644AD0A5AE98B1 /* PBXTargetDependency */ = {
			isa = PBXTargetDependency;
			target = 077E0902895D492899F3A510 /* SnapTask */;
			targetProxy = CF3FBA583CBA4F8FB83F26AC /* PBXContainerItemProxy */;
		};
		WATCHDEP123456789ABCDEF /* PBXTargetDependency */ = {
			isa = PBXTargetDependency;
			target = EAC44CD682917A8C442E5B7A /* SnapTaskWatch */;
			targetProxy = WATCHPROXY123456789ABCD /* PBXContainerItemProxy */;
		};
/* End PBXTargetDependency section */

/* Begin XCBuildConfiguration section */
		12659A8573424BC489D82D5F /* Release */ = {
			isa = XCBuildConfiguration;
			buildSettings = {
				ASSETCATALOG_COMPILER_APPICON_NAME = AppIcon;
				ASSETCATALOG_COMPILER_GLOBAL_ACCENT_COLOR_NAME = AccentColor;
				ASSETCATALOG_COMPILER_INCLUDE_ALL_APPICON_ASSETS = YES;
				CODE_SIGN_ENTITLEMENTS = SnapTask/SnapTask.entitlements;
				CODE_SIGN_STYLE = Automatic;
				CURRENT_PROJECT_VERSION = 1;
				DEVELOPMENT_ASSET_PATHS = "\"SnapTask/Preview Content\"";
				DEVELOPMENT_TEAM = Y997848SS8;
				ENABLE_PREVIEWS = YES;
				GENERATE_INFOPLIST_FILE = YES;
				INFOPLIST_FILE = SnapTask/Info.plist;
				INFOPLIST_KEY_CFBundleDevelopmentRegion = en;
				INFOPLIST_KEY_CFBundleDisplayName = SnapTask;
				INFOPLIST_KEY_CFBundleLocalizations = "en it";
				INFOPLIST_KEY_ITSAppUsesNonExemptEncryption = NO;
				INFOPLIST_KEY_LSApplicationCategoryType = "public.app-category.productivity";
				INFOPLIST_KEY_NSCameraUsageDescription = "Allow SnapTask to use your camera to capture photos for your tasks.";
				INFOPLIST_KEY_NSMicrophoneUsageDescription = "Allow SnapTask to use your microphone to record voice memos for your tasks.";
				INFOPLIST_KEY_NSPhotoLibraryUsageDescription = "Allow SnapTask to access your photo library to attach images to your tasks.";
				INFOPLIST_KEY_NSRemindersUsageDescription = "SnapTask needs write access to your calendar to create and update calendar events for your tasks";
				INFOPLIST_KEY_UIApplicationSceneManifest_Generation = YES;
				INFOPLIST_KEY_UIApplicationSupportsIndirectInputEvents = YES;
				INFOPLIST_KEY_UILaunchScreen_Generation = YES;
				INFOPLIST_KEY_UIRequiredDeviceCapabilities = armv7;
				INFOPLIST_KEY_UIStatusBarStyle = "";
				INFOPLIST_KEY_UISupportedInterfaceOrientations = UIInterfaceOrientationPortrait;
				INFOPLIST_KEY_UISupportedInterfaceOrientations_iPad = "UIInterfaceOrientationLandscapeLeft UIInterfaceOrientationLandscapeRight UIInterfaceOrientationPortrait UIInterfaceOrientationPortraitUpsideDown";
				LD_RUNPATH_SEARCH_PATHS = (
					"$(inherited)",
					"@executable_path/Frameworks",
				);
				MARKETING_VERSION = 1.5;
				PRODUCT_BUNDLE_IDENTIFIER = com.giovanniamadei.SnapTaskProAlpha;
				PRODUCT_NAME = "SnapTask Pro";
				SWIFT_EMIT_LOC_STRINGS = YES;
				SWIFT_VERSION = 5.0;
				TARGETED_DEVICE_FAMILY = "1,2";
			};
			name = Release;
		};
		18E747D555BC1B6DD2197940 /* Release */ = {
			isa = XCBuildConfiguration;
			buildSettings = {
				ASSETCATALOG_COMPILER_APPICON_NAME = AppIcon;
				ASSETCATALOG_COMPILER_GLOBAL_ACCENT_COLOR_NAME = AccentColor;
				CODE_SIGN_ENTITLEMENTS = SnapTaskWatch/SnapTaskWatch.entitlements;
				CODE_SIGN_STYLE = Automatic;
				CURRENT_PROJECT_VERSION = 1;
				DEVELOPMENT_TEAM = Y997848SS8;
				GENERATE_INFOPLIST_FILE = NO;
				INFOPLIST_FILE = SnapTaskWatch/Info.plist;
				INFOPLIST_KEY_WKCompanionAppBundleIdentifier = com.giovanniamadei.SnapTaskProAlpha;
				INFOPLIST_KEY_WKRunsIndependentlyOfCompanionApp = YES;
				MARKETING_VERSION = 1.0;
				PRODUCT_BUNDLE_IDENTIFIER = com.giovanniamadei.SnapTaskProAlpha.watchkitapp;
				PRODUCT_NAME = SnapTaskWatch;
				SDKROOT = watchos;
				SKIP_INSTALL = YES;
				SWIFT_EMIT_LOC_STRINGS = YES;
				SWIFT_VERSION = 5.0;
				VALIDATE_PRODUCT = YES;
				WATCHOS_DEPLOYMENT_TARGET = 10.6;
			};
			name = Release;
		};
		2710014395E94ACCB70E5989 /* Release */ = {
			isa = XCBuildConfiguration;
			buildSettings = {
				CODE_SIGN_STYLE = Automatic;
				CURRENT_PROJECT_VERSION = 1;
				DEAD_CODE_STRIPPING = YES;
				DEVELOPMENT_TEAM = Y997848SS8;
				GENERATE_INFOPLIST_FILE = YES;
				MACOSX_DEPLOYMENT_TARGET = 15.4;
				MARKETING_VERSION = 1.0;
				PRODUCT_BUNDLE_IDENTIFIER = "com.giovanniamadei.SnapTaskProAlpha.macOS.SnapTask-ProUITests";
				PRODUCT_NAME = "$(TARGET_NAME)";
				SDKROOT = macosx;
				SWIFT_EMIT_LOC_STRINGS = NO;
				SWIFT_VERSION = 5.0;
				TEST_TARGET_NAME = "SnapTask Pro";
			};
			name = Release;
		};
		3C807DFBA7A44EE4B5EA99D3 /* Debug */ = {
			isa = XCBuildConfiguration;
			buildSettings = {
				BUNDLE_LOADER = "$(TEST_HOST)";
				CODE_SIGN_STYLE = Automatic;
				CURRENT_PROJECT_VERSION = 1;
				DEAD_CODE_STRIPPING = YES;
				DEVELOPMENT_TEAM = Y997848SS8;
				GENERATE_INFOPLIST_FILE = YES;
				MACOSX_DEPLOYMENT_TARGET = 15.4;
				MARKETING_VERSION = 1.0;
				PRODUCT_BUNDLE_IDENTIFIER = "com.giovanniamadei.SnapTaskProAlpha.macOS.SnapTask-ProTests";
				PRODUCT_NAME = "$(TARGET_NAME)";
				SDKROOT = macosx;
				SWIFT_EMIT_LOC_STRINGS = NO;
				SWIFT_VERSION = 5.0;
				TEST_HOST = "$(BUILT_PRODUCTS_DIR)/SnapTask Pro.app/$(BUNDLE_EXECUTABLE_FOLDER_PATH)/SnapTask Pro";
			};
			name = Debug;
		};
		4C3095CD5186418B896D30CE /* Release */ = {
			isa = XCBuildConfiguration;
			buildSettings = {
				ASSETCATALOG_COMPILER_APPICON_NAME = AppIcon;
				ASSETCATALOG_COMPILER_GLOBAL_ACCENT_COLOR_NAME = AccentColor;
				CODE_SIGN_ENTITLEMENTS = "SnapTask Pro/SnapTask_Pro.entitlements";
				CODE_SIGN_STYLE = Automatic;
				COMBINE_HIDPI_IMAGES = YES;
				CURRENT_PROJECT_VERSION = 1;
				DEAD_CODE_STRIPPING = YES;
				DEVELOPMENT_TEAM = Y997848SS8;
				ENABLE_HARDENED_RUNTIME = YES;
				ENABLE_PREVIEWS = YES;
				GENERATE_INFOPLIST_FILE = YES;
				INFOPLIST_KEY_NSHumanReadableCopyright = "";
				LD_RUNPATH_SEARCH_PATHS = (
					"$(inherited)",
					"@executable_path/../Frameworks",
				);
				MACOSX_DEPLOYMENT_TARGET = 15.4;
				MARKETING_VERSION = 1.0;
				PRODUCT_BUNDLE_IDENTIFIER = "com.giovanniamadei.SnapTaskProAlpha.macOS.SnapTask-Pro";
				PRODUCT_NAME = "$(TARGET_NAME)";
				REGISTER_APP_GROUPS = YES;
				SDKROOT = macosx;
				SWIFT_EMIT_LOC_STRINGS = YES;
				SWIFT_VERSION = 5.0;
			};
			name = Release;
		};
		52D495BFE2DF4C1CA6D23B25 /* Debug */ = {
			isa = XCBuildConfiguration;
			buildSettings = {
				ASSETCATALOG_COMPILER_APPICON_NAME = AppIcon;
				ASSETCATALOG_COMPILER_GLOBAL_ACCENT_COLOR_NAME = AccentColor;
				CODE_SIGN_ENTITLEMENTS = "SnapTask Pro/SnapTask_Pro.entitlements";
				CODE_SIGN_STYLE = Automatic;
				COMBINE_HIDPI_IMAGES = YES;
				CURRENT_PROJECT_VERSION = 1;
				DEAD_CODE_STRIPPING = YES;
				DEVELOPMENT_TEAM = Y997848SS8;
				ENABLE_HARDENED_RUNTIME = YES;
				ENABLE_PREVIEWS = YES;
				GENERATE_INFOPLIST_FILE = YES;
				INFOPLIST_KEY_NSHumanReadableCopyright = "";
				LD_RUNPATH_SEARCH_PATHS = (
					"$(inherited)",
					"@executable_path/../Frameworks",
				);
				MACOSX_DEPLOYMENT_TARGET = 15.4;
				MARKETING_VERSION = 1.0;
				PRODUCT_BUNDLE_IDENTIFIER = "com.giovanniamadei.SnapTaskProAlpha.macOS.SnapTask-Pro";
				PRODUCT_NAME = "$(TARGET_NAME)";
				REGISTER_APP_GROUPS = YES;
				SDKROOT = macosx;
				SWIFT_EMIT_LOC_STRINGS = YES;
				SWIFT_VERSION = 5.0;
			};
			name = Debug;
		};
		8C6F03C26249427595E789B8 /* Debug */ = {
			isa = XCBuildConfiguration;
			buildSettings = {
				ALWAYS_SEARCH_USER_PATHS = NO;
				ASSETCATALOG_COMPILER_GENERATE_SWIFT_ASSET_SYMBOL_EXTENSIONS = YES;
				CLANG_ANALYZER_LOCALIZABILITY_NONLOCALIZED = YES;
				CLANG_ANALYZER_NONNULL = YES;
				CLANG_ANALYZER_NUMBER_OBJECT_CONVERSION = YES_AGGRESSIVE;
				CLANG_CXX_LANGUAGE_STANDARD = "gnu++20";
				CLANG_ENABLE_MODULES = YES;
				CLANG_ENABLE_OBJC_ARC = YES;
				CLANG_ENABLE_OBJC_WEAK = YES;
				CLANG_WARN_BLOCK_CAPTURE_AUTORELEASING = YES;
				CLANG_WARN_BOOL_CONVERSION = YES;
				CLANG_WARN_COMMA = YES;
				CLANG_WARN_CONSTANT_CONVERSION = YES;
				CLANG_WARN_DEPRECATED_OBJC_IMPLEMENTATIONS = YES;
				CLANG_WARN_DIRECT_OBJC_ISA_USAGE = YES_ERROR;
				CLANG_WARN_DOCUMENTATION_COMMENTS = YES;
				CLANG_WARN_EMPTY_BODY = YES;
				CLANG_WARN_ENUM_CONVERSION = YES;
				CLANG_WARN_INFINITE_RECURSION = YES;
				CLANG_WARN_INT_CONVERSION = YES;
				CLANG_WARN_NON_LITERAL_NULL_CONVERSION = YES;
				CLANG_WARN_OBJC_IMPLICIT_RETAIN_SELF = YES;
				CLANG_WARN_OBJC_LITERAL_CONVERSION = YES;
				CLANG_WARN_OBJC_ROOT_CLASS = YES_ERROR;
				CLANG_WARN_QUOTED_INCLUDE_IN_FRAMEWORK_HEADER = YES;
				CLANG_WARN_RANGE_LOOP_ANALYSIS = YES;
				CLANG_WARN_STRICT_PROTOTYPES = YES;
				CLANG_WARN_SUSPICIOUS_MOVE = YES;
				CLANG_WARN_UNGUARDED_AVAILABILITY = YES_AGGRESSIVE;
				CLANG_WARN_UNREACHABLE_CODE = YES;
				CLANG_WARN__DUPLICATE_METHOD_MATCH = YES;
				COPY_PHASE_STRIP = NO;
				DEBUG_INFORMATION_FORMAT = dwarf;
				DEVELOPMENT_TEAM = Y997848SS8;
				ENABLE_STRICT_OBJC_MSGSEND = YES;
				ENABLE_TESTABILITY = YES;
				ENABLE_USER_SCRIPT_SANDBOXING = YES;
				GCC_C_LANGUAGE_STANDARD = gnu17;
				GCC_DYNAMIC_NO_PIC = NO;
				GCC_NO_COMMON_BLOCKS = YES;
				GCC_OPTIMIZATION_LEVEL = 0;
				GCC_PREPROCESSOR_DEFINITIONS = (
					"DEBUG=1",
					"$(inherited)",
				);
				GCC_WARN_64_TO_32_BIT_CONVERSION = YES;
				GCC_WARN_ABOUT_RETURN_TYPE = YES_ERROR;
				GCC_WARN_UNDECLARED_SELECTOR = YES;
				GCC_WARN_UNINITIALIZED_AUTOS = YES_AGGRESSIVE;
				GCC_WARN_UNUSED_FUNCTION = YES;
				GCC_WARN_UNUSED_VARIABLE = YES;
				IPHONEOS_DEPLOYMENT_TARGET = 18.2;
				LOCALIZATION_PREFERS_STRING_CATALOGS = YES;
				MTL_ENABLE_DEBUG_INFO = INCLUDE_SOURCE;
				MTL_FAST_MATH = YES;
				ONLY_ACTIVE_ARCH = YES;
				SDKROOT = iphoneos;
				SWIFT_ACTIVE_COMPILATION_CONDITIONS = "DEBUG $(inherited)";
				SWIFT_OPTIMIZATION_LEVEL = "-Onone";
			};
			name = Debug;
		};
		9298616C6E4B4493B5D7C25D /* Release */ = {
			isa = XCBuildConfiguration;
			buildSettings = {
				BUNDLE_LOADER = "$(TEST_HOST)";
				CODE_SIGN_STYLE = Automatic;
				CURRENT_PROJECT_VERSION = 1;
				DEAD_CODE_STRIPPING = YES;
				DEVELOPMENT_TEAM = Y997848SS8;
				GENERATE_INFOPLIST_FILE = YES;
				MACOSX_DEPLOYMENT_TARGET = 15.4;
				MARKETING_VERSION = 1.0;
				PRODUCT_BUNDLE_IDENTIFIER = "com.giovanniamadei.SnapTaskProAlpha.macOS.SnapTask-ProTests";
				PRODUCT_NAME = "$(TARGET_NAME)";
				SDKROOT = macosx;
				SWIFT_EMIT_LOC_STRINGS = NO;
				SWIFT_VERSION = 5.0;
				TEST_HOST = "$(BUILT_PRODUCTS_DIR)/SnapTask Pro.app/$(BUNDLE_EXECUTABLE_FOLDER_PATH)/SnapTask Pro";
			};
			name = Release;
		};
		9B82049B14B845C8AEB8D3C7 /* Release */ = {
			isa = XCBuildConfiguration;
			buildSettings = {
				ALWAYS_SEARCH_USER_PATHS = NO;
				ASSETCATALOG_COMPILER_GENERATE_SWIFT_ASSET_SYMBOL_EXTENSIONS = YES;
				CLANG_ANALYZER_LOCALIZABILITY_NONLOCALIZED = YES;
				CLANG_ANALYZER_NONNULL = YES;
				CLANG_ANALYZER_NUMBER_OBJECT_CONVERSION = YES_AGGRESSIVE;
				CLANG_CXX_LANGUAGE_STANDARD = "gnu++20";
				CLANG_ENABLE_MODULES = YES;
				CLANG_ENABLE_OBJC_ARC = YES;
				CLANG_ENABLE_OBJC_WEAK = YES;
				CLANG_WARN_BLOCK_CAPTURE_AUTORELEASING = YES;
				CLANG_WARN_BOOL_CONVERSION = YES;
				CLANG_WARN_COMMA = YES;
				CLANG_WARN_CONSTANT_CONVERSION = YES;
				CLANG_WARN_DEPRECATED_OBJC_IMPLEMENTATIONS = YES;
				CLANG_WARN_DIRECT_OBJC_ISA_USAGE = YES_ERROR;
				CLANG_WARN_DOCUMENTATION_COMMENTS = YES;
				CLANG_WARN_EMPTY_BODY = YES;
				CLANG_WARN_ENUM_CONVERSION = YES;
				CLANG_WARN_INFINITE_RECURSION = YES;
				CLANG_WARN_INT_CONVERSION = YES;
				CLANG_WARN_NON_LITERAL_NULL_CONVERSION = YES;
				CLANG_WARN_OBJC_IMPLICIT_RETAIN_SELF = YES;
				CLANG_WARN_OBJC_LITERAL_CONVERSION = YES;
				CLANG_WARN_OBJC_ROOT_CLASS = YES_ERROR;
				CLANG_WARN_QUOTED_INCLUDE_IN_FRAMEWORK_HEADER = YES;
				CLANG_WARN_RANGE_LOOP_ANALYSIS = YES;
				CLANG_WARN_STRICT_PROTOTYPES = YES;
				CLANG_WARN_SUSPICIOUS_MOVE = YES;
				CLANG_WARN_UNGUARDED_AVAILABILITY = YES_AGGRESSIVE;
				CLANG_WARN_UNREACHABLE_CODE = YES;
				CLANG_WARN__DUPLICATE_METHOD_MATCH = YES;
				COPY_PHASE_STRIP = NO;
				DEBUG_INFORMATION_FORMAT = "dwarf-with-dsym";
				DEVELOPMENT_TEAM = Y997848SS8;
				ENABLE_NS_ASSERTIONS = NO;
				ENABLE_STRICT_OBJC_MSGSEND = YES;
				ENABLE_USER_SCRIPT_SANDBOXING = YES;
				GCC_C_LANGUAGE_STANDARD = gnu17;
				GCC_NO_COMMON_BLOCKS = YES;
				GCC_WARN_64_TO_32_BIT_CONVERSION = YES;
				GCC_WARN_ABOUT_RETURN_TYPE = YES_ERROR;
				GCC_WARN_UNDECLARED_SELECTOR = YES;
				GCC_WARN_UNINITIALIZED_AUTOS = YES_AGGRESSIVE;
				GCC_WARN_UNUSED_FUNCTION = YES;
				GCC_WARN_UNUSED_VARIABLE = YES;
				IPHONEOS_DEPLOYMENT_TARGET = 18.2;
				LOCALIZATION_PREFERS_STRING_CATALOGS = YES;
				MTL_ENABLE_DEBUG_INFO = NO;
				MTL_FAST_MATH = YES;
				SDKROOT = iphoneos;
				SWIFT_COMPILATION_MODE = wholemodule;
				VALIDATE_PRODUCT = YES;
			};
			name = Release;
		};
		A0DAE823C7FBFF9BA095390D /* Debug */ = {
			isa = XCBuildConfiguration;
			buildSettings = {
				ASSETCATALOG_COMPILER_APPICON_NAME = AppIcon;
				ASSETCATALOG_COMPILER_GLOBAL_ACCENT_COLOR_NAME = AccentColor;
				CODE_SIGN_ENTITLEMENTS = SnapTaskWatch/SnapTaskWatch.entitlements;
				CODE_SIGN_STYLE = Automatic;
				CURRENT_PROJECT_VERSION = 1;
				DEVELOPMENT_TEAM = Y997848SS8;
				GENERATE_INFOPLIST_FILE = NO;
				INFOPLIST_FILE = SnapTaskWatch/Info.plist;
				INFOPLIST_KEY_WKCompanionAppBundleIdentifier = com.giovanniamadei.SnapTaskProAlpha;
				INFOPLIST_KEY_WKRunsIndependentlyOfCompanionApp = YES;
				MARKETING_VERSION = 1.0;
				PRODUCT_BUNDLE_IDENTIFIER = com.giovanniamadei.SnapTaskProAlpha.watchkitapp;
				PRODUCT_NAME = SnapTaskWatch;
				SDKROOT = watchos;
				SKIP_INSTALL = YES;
				SWIFT_EMIT_LOC_STRINGS = YES;
				SWIFT_VERSION = 5.0;
				WATCHOS_DEPLOYMENT_TARGET = 10.6;
			};
			name = Debug;
		};
		AC8F534B2ED859DE009561B2 /* Debug */ = {
			isa = XCBuildConfiguration;
			buildSettings = {
				ASSETCATALOG_COMPILER_GLOBAL_ACCENT_COLOR_NAME = AccentColor;
				ASSETCATALOG_COMPILER_WIDGET_BACKGROUND_COLOR_NAME = WidgetBackground;
				CODE_SIGN_ENTITLEMENTS = SnapTaskWidgetExtension.entitlements;
				CODE_SIGN_STYLE = Automatic;
				CURRENT_PROJECT_VERSION = 1;
				DEVELOPMENT_TEAM = Y997848SS8;
				GENERATE_INFOPLIST_FILE = YES;
				INFOPLIST_FILE = SnapTaskWidget/Info.plist;
				INFOPLIST_KEY_CFBundleDisplayName = SnapTaskWidget;
				INFOPLIST_KEY_NSHumanReadableCopyright = "";
				IPHONEOS_DEPLOYMENT_TARGET = 18.5;
				LD_RUNPATH_SEARCH_PATHS = (
					"$(inherited)",
					"@executable_path/Frameworks",
					"@executable_path/../../Frameworks",
				);
				MARKETING_VERSION = 1.0;
				PRODUCT_BUNDLE_IDENTIFIER = com.giovanniamadei.SnapTaskProAlpha.SnapTaskWidget;
				PRODUCT_NAME = "$(TARGET_NAME)";
				SKIP_INSTALL = YES;
				SWIFT_EMIT_LOC_STRINGS = YES;
				SWIFT_VERSION = 5.0;
				TARGETED_DEVICE_FAMILY = "1,2";
			};
			name = Debug;
		};
		AC8F534C2ED859DE009561B2 /* Release */ = {
			isa = XCBuildConfiguration;
			buildSettings = {
				ASSETCATALOG_COMPILER_GLOBAL_ACCENT_COLOR_NAME = AccentColor;
				ASSETCATALOG_COMPILER_WIDGET_BACKGROUND_COLOR_NAME = WidgetBackground;
				CODE_SIGN_ENTITLEMENTS = SnapTaskWidgetExtension.entitlements;
				CODE_SIGN_STYLE = Automatic;
				CURRENT_PROJECT_VERSION = 1;
				DEVELOPMENT_TEAM = Y997848SS8;
				GENERATE_INFOPLIST_FILE = YES;
				INFOPLIST_FILE = SnapTaskWidget/Info.plist;
				INFOPLIST_KEY_CFBundleDisplayName = SnapTaskWidget;
				INFOPLIST_KEY_NSHumanReadableCopyright = "";
				IPHONEOS_DEPLOYMENT_TARGET = 18.5;
				LD_RUNPATH_SEARCH_PATHS = (
					"$(inherited)",
					"@executable_path/Frameworks",
					"@executable_path/../../Frameworks",
				);
				MARKETING_VERSION = 1.0;
				PRODUCT_BUNDLE_IDENTIFIER = com.giovanniamadei.SnapTaskProAlpha.SnapTaskWidget;
				PRODUCT_NAME = "$(TARGET_NAME)";
				SKIP_INSTALL = YES;
				SWIFT_EMIT_LOC_STRINGS = YES;
				SWIFT_VERSION = 5.0;
				TARGETED_DEVICE_FAMILY = "1,2";
			};
			name = Release;
		};
		AD726710A117450FAE4E3D29 /* Debug */ = {
			isa = XCBuildConfiguration;
			buildSettings = {
				ASSETCATALOG_COMPILER_APPICON_NAME = AppIcon;
				ASSETCATALOG_COMPILER_GLOBAL_ACCENT_COLOR_NAME = AccentColor;
				ASSETCATALOG_COMPILER_INCLUDE_ALL_APPICON_ASSETS = YES;
				CODE_SIGN_ENTITLEMENTS = SnapTask/SnapTask.entitlements;
				CODE_SIGN_STYLE = Automatic;
				CURRENT_PROJECT_VERSION = 1;
				DEVELOPMENT_ASSET_PATHS = "\"SnapTask/Preview Content\"";
				DEVELOPMENT_TEAM = Y997848SS8;
				ENABLE_PREVIEWS = YES;
				GENERATE_INFOPLIST_FILE = YES;
				INFOPLIST_FILE = SnapTask/Info.plist;
				INFOPLIST_KEY_CFBundleDevelopmentRegion = en;
				INFOPLIST_KEY_CFBundleDisplayName = SnapTask;
				INFOPLIST_KEY_CFBundleLocalizations = "en it";
				INFOPLIST_KEY_ITSAppUsesNonExemptEncryption = NO;
				INFOPLIST_KEY_LSApplicationCategoryType = "public.app-category.productivity";
				INFOPLIST_KEY_NSCameraUsageDescription = "Allow SnapTask to use your camera to capture photos for your tasks.";
				INFOPLIST_KEY_NSMicrophoneUsageDescription = "Allow SnapTask to use your microphone to record voice memos for your tasks.";
				INFOPLIST_KEY_NSPhotoLibraryUsageDescription = "Allow SnapTask to access your photo library to attach images to your tasks.";
				INFOPLIST_KEY_NSRemindersUsageDescription = "SnapTask needs write access to your calendar to create and update calendar events for your tasks";
				INFOPLIST_KEY_UIApplicationSceneManifest_Generation = YES;
				INFOPLIST_KEY_UIApplicationSupportsIndirectInputEvents = YES;
				INFOPLIST_KEY_UILaunchScreen_Generation = YES;
				INFOPLIST_KEY_UIRequiredDeviceCapabilities = armv7;
				INFOPLIST_KEY_UIStatusBarStyle = "";
				INFOPLIST_KEY_UISupportedInterfaceOrientations = UIInterfaceOrientationPortrait;
				INFOPLIST_KEY_UISupportedInterfaceOrientations_iPad = "UIInterfaceOrientationLandscapeLeft UIInterfaceOrientationLandscapeRight UIInterfaceOrientationPortrait UIInterfaceOrientationPortraitUpsideDown";
				LD_RUNPATH_SEARCH_PATHS = (
					"$(inherited)",
					"@executable_path/Frameworks",
				);
				MARKETING_VERSION = 1.5;
				PRODUCT_BUNDLE_IDENTIFIER = com.giovanniamadei.SnapTaskProAlpha;
				PRODUCT_NAME = "SnapTask Pro";
				SWIFT_EMIT_LOC_STRINGS = YES;
				SWIFT_VERSION = 5.0;
				TARGETED_DEVICE_FAMILY = "1,2";
			};
			name = Debug;
		};
		EADA49812931469EB118E438 /* Release */ = {
			isa = XCBuildConfiguration;
			buildSettings = {
				BUNDLE_LOADER = "$(TEST_HOST)";
				CODE_SIGN_STYLE = Automatic;
				CURRENT_PROJECT_VERSION = 1;
				GENERATE_INFOPLIST_FILE = YES;
				IPHONEOS_DEPLOYMENT_TARGET = 18.2;
				MARKETING_VERSION = 1.0;
				PRODUCT_BUNDLE_IDENTIFIER = com.giovanniamadei.SnapTaskTests;
				PRODUCT_NAME = "$(TARGET_NAME)";
				SWIFT_EMIT_LOC_STRINGS = NO;
				SWIFT_VERSION = 5.0;
				TARGETED_DEVICE_FAMILY = "1,2";
				TEST_HOST = "$(BUILT_PRODUCTS_DIR)/SnapTask.app/$(BUNDLE_EXECUTABLE_FOLDER_PATH)/SnapTask";
			};
			name = Release;
		};
		F6664E722BC9472E87849EA9 /* Debug */ = {
			isa = XCBuildConfiguration;
			buildSettings = {
				CODE_SIGN_STYLE = Automatic;
				CURRENT_PROJECT_VERSION = 1;
				DEAD_CODE_STRIPPING = YES;
				DEVELOPMENT_TEAM = Y997848SS8;
				GENERATE_INFOPLIST_FILE = YES;
				MACOSX_DEPLOYMENT_TARGET = 15.4;
				MARKETING_VERSION = 1.0;
				PRODUCT_BUNDLE_IDENTIFIER = "com.giovanniamadei.SnapTaskProAlpha.macOS.SnapTask-ProUITests";
				PRODUCT_NAME = "$(TARGET_NAME)";
				SDKROOT = macosx;
				SWIFT_EMIT_LOC_STRINGS = NO;
				SWIFT_VERSION = 5.0;
				TEST_TARGET_NAME = "SnapTask Pro";
			};
			name = Debug;
		};
		F7DAD0C1704743338E5497FD /* Debug */ = {
			isa = XCBuildConfiguration;
			buildSettings = {
				BUNDLE_LOADER = "$(TEST_HOST)";
				CODE_SIGN_STYLE = Automatic;
				CURRENT_PROJECT_VERSION = 1;
				GENERATE_INFOPLIST_FILE = YES;
				IPHONEOS_DEPLOYMENT_TARGET = 18.2;
				MARKETING_VERSION = 1.0;
				PRODUCT_BUNDLE_IDENTIFIER = com.giovanniamadei.SnapTaskTests;
				PRODUCT_NAME = "$(TARGET_NAME)";
				SWIFT_EMIT_LOC_STRINGS = NO;
				SWIFT_VERSION = 5.0;
				TARGETED_DEVICE_FAMILY = "1,2";
				TEST_HOST = "$(BUILT_PRODUCTS_DIR)/SnapTask.app/$(BUNDLE_EXECUTABLE_FOLDER_PATH)/SnapTask";
			};
			name = Debug;
		};
/* End XCBuildConfiguration section */

/* Begin XCConfigurationList section */
		26CC246A87DF4DC192B21C68 /* Build configuration list for PBXNativeTarget "SnapTask ProTests" */ = {
			isa = XCConfigurationList;
			buildConfigurations = (
				3C807DFBA7A44EE4B5EA99D3 /* Debug */,
				9298616C6E4B4493B5D7C25D /* Release */,
			);
			defaultConfigurationIsVisible = 0;
			defaultConfigurationName = Release;
		};
		474E8A1691D74E83B0D38C66 /* Build configuration list for PBXNativeTarget "SnapTaskTests" */ = {
			isa = XCConfigurationList;
			buildConfigurations = (
				F7DAD0C1704743338E5497FD /* Debug */,
				EADA49812931469EB118E438 /* Release */,
			);
			defaultConfigurationIsVisible = 0;
			defaultConfigurationName = Release;
		};
		57AD9857CED74477B9D79C9C /* Build configuration list for PBXProject "SnapTask" */ = {
			isa = XCConfigurationList;
			buildConfigurations = (
				8C6F03C26249427595E789B8 /* Debug */,
				9B82049B14B845C8AEB8D3C7 /* Release */,
			);
			defaultConfigurationIsVisible = 0;
			defaultConfigurationName = Release;
		};
		64F90B65375041A897C790E5 /* Build configuration list for PBXNativeTarget "SnapTask" */ = {
			isa = XCConfigurationList;
			buildConfigurations = (
				AD726710A117450FAE4E3D29 /* Debug */,
				12659A8573424BC489D82D5F /* Release */,
			);
			defaultConfigurationIsVisible = 0;
			defaultConfigurationName = Release;
		};
		841187AD4E6A88CF6306E338 /* Build configuration list for PBXNativeTarget "SnapTaskWatch" */ = {
			isa = XCConfigurationList;
			buildConfigurations = (
				18E747D555BC1B6DD2197940 /* Release */,
				A0DAE823C7FBFF9BA095390D /* Debug */,
			);
			defaultConfigurationIsVisible = 0;
			defaultConfigurationName = Release;
		};
		AC8F534D2ED859DE009561B2 /* Build configuration list for PBXNativeTarget "SnapTaskWidgetExtension" */ = {
			isa = XCConfigurationList;
			buildConfigurations = (
				AC8F534B2ED859DE009561B2 /* Debug */,
				AC8F534C2ED859DE009561B2 /* Release */,
			);
			defaultConfigurationIsVisible = 0;
			defaultConfigurationName = Release;
		};
		B3D8E97DCC574C309D6219D4 /* Build configuration list for PBXNativeTarget "SnapTask Pro" */ = {
			isa = XCConfigurationList;
			buildConfigurations = (
				52D495BFE2DF4C1CA6D23B25 /* Debug */,
				4C3095CD5186418B896D30CE /* Release */,
			);
			defaultConfigurationIsVisible = 0;
			defaultConfigurationName = Release;
		};
		E37D8F3EFFB64127A437E547 /* Build configuration list for PBXNativeTarget "SnapTask ProUITests" */ = {
			isa = XCConfigurationList;
			buildConfigurations = (
				F6664E722BC9472E87849EA9 /* Debug */,
				2710014395E94ACCB70E5989 /* Release */,
			);
			defaultConfigurationIsVisible = 0;
			defaultConfigurationName = Release;
		};
/* End XCConfigurationList section */

/* Begin XCRemoteSwiftPackageReference section */
		A09849D266F748BD92B740C7 /* XCRemoteSwiftPackageReference "firebase-ios-sdk" */ = {
			isa = XCRemoteSwiftPackageReference;
			repositoryURL = "https://github.com/firebase/firebase-ios-sdk";
			requirement = {
				kind = upToNextMajorVersion;
				minimumVersion = 11.13.0;
			};
		};
/* End XCRemoteSwiftPackageReference section */

/* Begin XCSwiftPackageProductDependency section */
		B7E085D2B50B4B569093A98C /* FirebaseAuth */ = {
			isa = XCSwiftPackageProductDependency;
			package = A09849D266F748BD92B740C7 /* XCRemoteSwiftPackageReference "firebase-ios-sdk" */;
			productName = FirebaseAuth;
		};
		C23D2A3E30904F0BBD78F8CE /* FirebaseCore */ = {
			isa = XCSwiftPackageProductDependency;
			package = A09849D266F748BD92B740C7 /* XCRemoteSwiftPackageReference "firebase-ios-sdk" */;
			productName = FirebaseCore;
		};
		D87140FB2D2B446DA794B990 /* FirebaseFirestore */ = {
			isa = XCSwiftPackageProductDependency;
			package = A09849D266F748BD92B740C7 /* XCRemoteSwiftPackageReference "firebase-ios-sdk" */;
			productName = FirebaseFirestore;
		};
/* End XCSwiftPackageProductDependency section */
	};
	rootObject = FD3DCF475E4A4C8CABD44701 /* Project object */;
}
